{
    "version": 3,
    "terraform_version": "0.11.11",
    "serial": 1,
    "lineage": "2e81f1a3-bfec-af7b-7d52-d41e6d7b850e",
    "modules": [
        {
            "path": [
                "root"
            ],
            "outputs": {
                "get-credentials-cmd": {
                    "sensitive": false,
                    "type": "string",
                    "value": "gcloud container clusters get-credentials banapp-prod --zone europe-west2-a"
                }
            },
            "resources": {
                "google_container_cluster.banapp-prod": {
                    "type": "google_container_cluster",
                    "depends_on": [],
                    "primary": {
                        "id": "banapp-prod",
                        "attributes": {
                            "additional_zones.#": "0",
                            "addons_config.#": "1",
                            "addons_config.0.horizontal_pod_autoscaling.#": "0",
                            "addons_config.0.http_load_balancing.#": "0",
                            "addons_config.0.kubernetes_dashboard.#": "1",
                            "addons_config.0.kubernetes_dashboard.0.disabled": "true",
                            "addons_config.0.network_policy_config.#": "1",
                            "addons_config.0.network_policy_config.0.disabled": "true",
                            "cluster_autoscaling.#": "0",
                            "cluster_ipv4_cidr": "10.60.0.0/14",
                            "description": "",
                            "enable_binary_authorization": "false",
                            "enable_kubernetes_alpha": "false",
                            "enable_legacy_abac": "false",
                            "enable_tpu": "false",
                            "endpoint": "35.197.253.244",
                            "id": "banapp-prod",
                            "initial_node_count": "3",
                            "instance_group_urls.#": "1",
                            "instance_group_urls.0": "https://www.googleapis.com/compute/v1/projects/banapp/zones/europe-west2-a/instanceGroups/gke-banapp-prod-default-pool-74f6271b-grp",
                            "ip_allocation_policy.#": "0",
                            "logging_service": "logging.googleapis.com",
                            "maintenance_policy.#": "0",
                            "master_auth.#": "1",
                            "master_auth.0.client_certificate": "LS0tLS1CRUdJTiBDRVJUSUZJQ0FURS0tLS0tCk1JSUMyekNDQWNPZ0F3SUJBZ0lSQUt1WWQ2bEhPNnpFR0dlM01UTWZZT2d3RFFZSktvWklodmNOQVFFTEJRQXcKTHpFdE1Dc0dBMVVFQXhNa05EbGhNR1V4WldZdFpERTNZaTAwTVRZd0xUaG1OV010WWpWallqZGpNVGhrWXpRMwpNQjRYRFRFNU1ERXdOakUyTWpBeU1sb1hEVEkwTURFd05URTJNakF5TWxvd0VURVBNQTBHQTFVRUF4TUdZMnhwClpXNTBNSUlCSWpBTkJna3Foa2lHOXcwQkFRRUZBQU9DQVE4QU1JSUJDZ0tDQVFFQXhiZHRZMjRKSGxpamZZM2QKcVdLTjVRUkZrUGNlcEZZRlFuMVJBaGs3U0lrbEE3K0xtc3IvbGhPRHlRZzhCZTVTTHo2Z0ZZeUFmOVdRY0F3Mwp3T0NtRHU4Y1VwT25hL2lScWJkMlowWXRZQXVpcVFFdnhYdHkrT0pVcjArS21MYkcrMEhXNkhud29KTUQrOGpZCm5YbzhjY05XTmkyK0ZrVE1JUGdocHQ3eGppUzIraHFiZ015YXJnYVFsck9LemIwTS9Fb3VjWUZocXc3dGovL3cKQ3Vvb0xnZzB6MWl1SnYveGpNVFVWYjQreHFDdDJZY0tYYU93ald0Z2JZOTJZVy9Ec2FXNWUwUm1SVlY2UXBCSwpkQXhqSjVvRCtMTGhDU0pJSmx2RjlnQjRvMHJnUU5JR0VqNCt6R0tCNVNJS2xVNTA5Q2ZnOW0xL2JDWlFGSTRTCjZYbEFud0lEQVFBQm94QXdEakFNQmdOVkhSTUJBZjhFQWpBQU1BMEdDU3FHU0liM0RRRUJDd1VBQTRJQkFRQnkKSE5VSGY4OFRDdlp5VlZPRHF0SnVLYmpwNnBFYk0vb1d5UVZPbTVGWDlCSDRKWmxKcmNtSXA5SGJVU1ZVelc2RQpuelY5cWR1eVdFRElybmNiOFpXdVdyN0g4Sm1JL3RjYWJhTVdnZXkyUFNqelUzRzdOZklFNWpxa1FUcENrQzNDCk1ueHBrVEtUaCtCc1N4aFFWK2pkWnZRdjlHUi9mYko5YzcvTG9IVGZOZm81bStEcHc1cEFHNW12clJqYm94SUUKb21ibS91dnlYZURvcjExVlFOck51WTNROHBNUkZZQjhZaWVMWlU3THlLWWRGU3o1SDhFR1Y5aU9VMU1hYXhrSwphZ2wwNGRCZyt1ckJSd3ErTWhabXRKNXNlbzdiZlFQRzFmS0IyMHl0TkFEMnRxZDEyUjZXUWV0dmFLM3lvMnNFCktmdEdFaXZCVDBoWFkzRVROclhrCi0tLS0tRU5EIENFUlRJRklDQVRFLS0tLS0K",
                            "master_auth.0.client_certificate_config.#": "0",
                            "master_auth.0.client_key": "LS0tLS1CRUdJTiBSU0EgUFJJVkFURSBLRVktLS0tLQpNSUlFb2dJQkFBS0NBUUVBeGJkdFkyNEpIbGlqZlkzZHFXS041UVJGa1BjZXBGWUZRbjFSQWhrN1NJa2xBNytMCm1zci9saE9EeVFnOEJlNVNMejZnRll5QWY5V1FjQXczd09DbUR1OGNVcE9uYS9pUnFiZDJaMFl0WUF1aXFRRXYKeFh0eStPSlVyMCtLbUxiRyswSFc2SG53b0pNRCs4alluWG84Y2NOV05pMitGa1RNSVBnaHB0N3hqaVMyK2hxYgpnTXlhcmdhUWxyT0t6YjBNL0VvdWNZRmhxdzd0ai8vd0N1b29MZ2cwejFpdUp2L3hqTVRVVmI0K3hxQ3QyWWNLClhhT3dqV3RnYlk5MllXL0RzYVc1ZTBSbVJWVjZRcEJLZEF4ako1b0QrTExoQ1NKSUpsdkY5Z0I0bzByZ1FOSUcKRWo0K3pHS0I1U0lLbFU1MDlDZmc5bTEvYkNaUUZJNFM2WGxBbndJREFRQUJBb0lCQUM4MkFuL0lpWkxlZFlPSQplWkoxdnc0ZGZBTUdqeUdNak1yNG8zeE56Qk1nOUY2MXdUOGdFL0doRFVuV2xvYVFCcjNUUldSLzNUc3BJc2t1CmthMlR0dk0vODFKZ2dZek5tUEtlcFQ0NXlxSHhoVkMzd05GMkRka1NLa2lHUk1EOGUvMEpGcWtDWFF2cXJ2dlQKVks0ZHZ3c25LcEhiVUZWKzdnTTlYTU84M284akZ2dHVoZ3NpMXR6YkEvaE0zaGZoNUpMcC9rT0FtOWUxOHZDOAp5b2krQlNqNTRQMzY5OHdBRk12WnhiRGhqSVhDUFlMTFUxOGtnaEFJbXZSdERxOUhKeUIzNUtuVzBFZk1CQWJYCm00ZCtoeTdCcHhMNjNsd3lKNklwNTlVNVBFUmZ2dURRZ1NCQ0xyRXRyZnNxRjU2TXl4SkpYTVlmelRQV1JYL3gKT21maldta0NnWUVBL1pXU3V6MmFhc1pyZW5mNG9ZTzlaVnZVanVsQWlkSWFSQ2tVcHUvTUtScnRTeXRMRUdUcgpvaWtwZGRhM3ZTQkJ2WU9jRXArS2p6blByY3JTVHZ6NWtXS0xyOVVtVElTak1OdHJFdHhLeWFORlp6WDdsVDhuCkphYXRDRmZnWk9RUzIvZHVWUkZMMnVvOFVqR0t2K21XaXlYamlDSnBtNng4OVowYitrNjdJNE1DZ1lFQXg1bWIKWnBjN3hnQ2FxZmRqd3RtTVNOaTl0cnpFY2RRTkxFdGtPT2JqL1Vxa2tyWkxRcGMwYU5nNFV0cTJoWFRiUHRkZQpSMXFCMzJobjM0SHdhN2ZMNU45T0NsY2hEMEcyeWM1WDEzL0Y4S2Z1SEVTR1M3Q1ZadGRHaU9RVElSWDRQdWhnCkF2dGRDTkx5R05uSnFnaFJ1Y0luZ1Z1RnpuU1JDZUVZZ2x6WU43VUNnWUJJdDJCNU11UVo1RVlqdTAxZnUzQlAKSlhNaGUvK1d4ZG5rVzhkaFMzaEcvVUs0Z0hTcEFkZVVDNnVvNythR1pENlZ3cXk1cG1oTVErNnF6bk5hVlM2WApveU9kUzBrTlBpZXh0ZW5SWWJ4TWIvWlI3MmZ5VjBhNWhEOHdHa3J0ZzMxbytGMzZKTmlVc1FDVkxVRzFZSjFiCno0U2NvQW1hcTI2MTI5U1BCWTZpVXdLQmdGK0xOT3NQMjRuMVFoTzRHeVhyVXc2UHlZaE9wYzVERGljMDAzMjEKY0U4UHl1VjdvMXoxMmgyUjJxdzJpNFlvb01aYys0RTJYdEtkUEpPdHRITXJvTXNtNVVsbjJhaGU4V3Q2Zld2bgplczJ1NVBqZENGZjA2Qjg1VDBjNXZicHB0TklRRTkxNWkxZ3MrYnhSakFuN1AzdW01NWd4UWtUSVlhRVVBZEp0Ck5RYTlBb0dBZW1POUlBQ1NWbzlHWFNIam1aM0lKeWZSZEVNMzRFNEUwQ3ZOdy9qZG9nQ3pyTzRlbHZDNVlWdGgKUTNTRTBEQjdjd1R6V05PQXhKd0MxbjJRUDh5SUFKRnZ0bnQ1SDVIRGFVdFBweGxUWkdtWHJPc0RjRU5iWDJHNwpqaHVZTUw2blBqaFI5Nmx2R3FKQWpFQTUvaWxXRHI3dUdkVHdMSnRRd0lla0MvQ2g4Szg9Ci0tLS0tRU5EIFJTQSBQUklWQVRFIEtFWS0tLS0tCg==",
                            "master_auth.0.cluster_ca_certificate": "LS0tLS1CRUdJTiBDRVJUSUZJQ0FURS0tLS0tCk1JSURERENDQWZTZ0F3SUJBZ0lSQVBOeHRwSE4wMmthakRjaEFrYXZac013RFFZSktvWklodmNOQVFFTEJRQXcKTHpFdE1Dc0dBMVVFQXhNa05EbGhNR1V4WldZdFpERTNZaTAwTVRZd0xUaG1OV010WWpWallqZGpNVGhrWXpRMwpNQjRYRFRFNU1ERXdOakUxTWpBeU1Wb1hEVEkwTURFd05URTJNakF5TVZvd0x6RXRNQ3NHQTFVRUF4TWtORGxoCk1HVXhaV1l0WkRFM1lpMDBNVFl3TFRobU5XTXRZalZqWWpkak1UaGtZelEzTUlJQklqQU5CZ2txaGtpRzl3MEIKQVFFRkFBT0NBUThBTUlJQkNnS0NBUUVBbUg1SXdoMU80RkFhazVqWU9ERlJxQ2VMQTFrd2toZDF4ZGtrYS9OcQpHZkxTNm1HTStwZC95cTNNenphWDlNVGZiUU55RWZhQzAwOWFqTHowczFwYmZTQW5NWkh5bFlGWXpBczFnVlM4CnlybjgzZGNyaEdPemNTNWRwMGFTamVReUpxMm9DQ2t2OEJ0RWROQkExbEZPbzZxQXpFeHI5QmtvUDFFK3h4ZFgKeUdkNG5jdE81Ylk2empZOEVGcTRMMzZZaFN6TXB1cUhJYzh6Y0hHQjZteGk2S1V3V3hnQU1XZUlmbU40YUtIcApNTkwvUy9Vam5BTWJ3aG9tZGFydGx6WnhTM2ZJc1hBT1QyOW4zRThPTWxxN1JjSk9aS0V0UEdaRTAybTl0S0t4Cmh5Q1J1blhUNDNjSUNFcVZYMzJVQWdZbVpFRERXK0xDaFcvR2E5TmZVT1hsUHdJREFRQUJveU13SVRBT0JnTlYKSFE4QkFmOEVCQU1DQWdRd0R3WURWUjBUQVFIL0JBVXdBd0VCL3pBTkJna3Foa2lHOXcwQkFRc0ZBQU9DQVFFQQphYTA2bVNDK2R3NTM2a0dxdzk3eXBKbExVZHNMSklaOHN6cnAxbkRJVnl5SzRhUS9yUnlGSVJZZVdLV0NabmdvCnNXYXlqdkFXNzhrS29TamxRMlpHWFdSSys2MldGUlc1ZDBldmxPYTZEdU13ckdSc3BVWG5HVE9uOFVMWDc1QU4KN1FKMDhabCt1M3JZbWRlek8wVWVRb1BBczVqb0phY3FYNGdhRVg5NWVTZmQ2ZnpwK2dNeDNHK1NzcTV6dUNxQQpwVUJGODlrZGdPUGFQbEgwdnMzQzdDSG0wYTdMN2N5L2ZGZ3FHV0JibzhkSSsyYXpzc2tTVTVyTDd2MzlrWVpIClB6c0ZNTC9wOGwxWUVBRUVZVnEyRzdZaElDdzdDc0hxQ0htRUdwQ3lSVWcrZFF0cTJIdklwaXhaWVVDTHV6VG4KM3RUTDQrNzZKSVluamRCcHY3UWYvdz09Ci0tLS0tRU5EIENFUlRJRklDQVRFLS0tLS0K",
                            "master_auth.0.password": "DSLVZEDL7Uc4yliu",
                            "master_auth.0.username": "admin",
                            "master_authorized_networks_config.#": "0",
                            "master_ipv4_cidr_block": "",
                            "master_version": "1.10.9-gke.5",
                            "monitoring_service": "monitoring.googleapis.com",
                            "name": "banapp-prod",
                            "network": "projects/banapp/global/networks/default",
                            "network_policy.#": "1",
                            "network_policy.0.enabled": "false",
                            "network_policy.0.provider": "PROVIDER_UNSPECIFIED",
                            "node_config.#": "1",
                            "node_config.0.disk_size_gb": "10",
                            "node_config.0.disk_type": "pd-standard",
                            "node_config.0.guest_accelerator.#": "0",
                            "node_config.0.image_type": "COS",
                            "node_config.0.labels.%": "0",
                            "node_config.0.local_ssd_count": "0",
                            "node_config.0.machine_type": "n1-standard-1",
                            "node_config.0.metadata.%": "0",
                            "node_config.0.min_cpu_platform": "",
                            "node_config.0.oauth_scopes.#": "6",
                            "node_config.0.oauth_scopes.1277378754": "https://www.googleapis.com/auth/monitoring",
                            "node_config.0.oauth_scopes.1632638332": "https://www.googleapis.com/auth/devstorage.read_only",
                            "node_config.0.oauth_scopes.172152165": "https://www.googleapis.com/auth/logging.write",
                            "node_config.0.oauth_scopes.316356861": "https://www.googleapis.com/auth/service.management.readonly",
                            "node_config.0.oauth_scopes.3663490875": "https://www.googleapis.com/auth/servicecontrol",
                            "node_config.0.oauth_scopes.3859019814": "https://www.googleapis.com/auth/trace.append",
                            "node_config.0.preemptible": "false",
                            "node_config.0.service_account": "default",
                            "node_config.0.tags.#": "0",
                            "node_config.0.taint.#": "0",
                            "node_config.0.workload_metadata_config.#": "0",
                            "node_pool.#": "1",
                            "node_pool.0.autoscaling.#": "0",
                            "node_pool.0.initial_node_count": "3",
                            "node_pool.0.instance_group_urls.#": "1",
                            "node_pool.0.instance_group_urls.0": "https://www.googleapis.com/compute/v1/projects/banapp/zones/europe-west2-a/instanceGroupManagers/gke-banapp-prod-default-pool-74f6271b-grp",
                            "node_pool.0.management.#": "1",
                            "node_pool.0.management.0.auto_repair": "false",
                            "node_pool.0.management.0.auto_upgrade": "false",
                            "node_pool.0.max_pods_per_node": "0",
                            "node_pool.0.name": "default-pool",
                            "node_pool.0.name_prefix": "",
                            "node_pool.0.node_config.#": "1",
                            "node_pool.0.node_config.0.disk_size_gb": "10",
                            "node_pool.0.node_config.0.disk_type": "pd-standard",
                            "node_pool.0.node_config.0.guest_accelerator.#": "0",
                            "node_pool.0.node_config.0.image_type": "COS",
                            "node_pool.0.node_config.0.labels.%": "0",
                            "node_pool.0.node_config.0.local_ssd_count": "0",
                            "node_pool.0.node_config.0.machine_type": "n1-standard-1",
                            "node_pool.0.node_config.0.metadata.%": "0",
                            "node_pool.0.node_config.0.min_cpu_platform": "",
                            "node_pool.0.node_config.0.oauth_scopes.#": "6",
                            "node_pool.0.node_config.0.oauth_scopes.1277378754": "https://www.googleapis.com/auth/monitoring",
                            "node_pool.0.node_config.0.oauth_scopes.1632638332": "https://www.googleapis.com/auth/devstorage.read_only",
                            "node_pool.0.node_config.0.oauth_scopes.172152165": "https://www.googleapis.com/auth/logging.write",
                            "node_pool.0.node_config.0.oauth_scopes.316356861": "https://www.googleapis.com/auth/service.management.readonly",
                            "node_pool.0.node_config.0.oauth_scopes.3663490875": "https://www.googleapis.com/auth/servicecontrol",
                            "node_pool.0.node_config.0.oauth_scopes.3859019814": "https://www.googleapis.com/auth/trace.append",
                            "node_pool.0.node_config.0.preemptible": "false",
                            "node_pool.0.node_config.0.service_account": "default",
                            "node_pool.0.node_config.0.tags.#": "0",
                            "node_pool.0.node_config.0.taint.#": "0",
                            "node_pool.0.node_config.0.workload_metadata_config.#": "0",
                            "node_pool.0.node_count": "3",
                            "node_pool.0.version": "1.10.9-gke.5",
                            "node_version": "1.10.9-gke.5",
                            "pod_security_policy_config.#": "0",
                            "private_cluster": "false",
                            "private_cluster_config.#": "0",
                            "project": "banapp",
                            "resource_labels.%": "0",
                            "subnetwork": "projects/banapp/regions/europe-west2/subnetworks/default",
                            "zone": "europe-west2-a"
                        },
                        "meta": {
                            "e2bfb730-ecaa-11e6-8f88-34363bc7c4c0": {
                                "create": 1800000000000,
                                "delete": 1800000000000,
                                "update": 600000000000
                            },
                            "schema_version": "1"
                        },
                        "tainted": false
                    },
                    "deposed": [],
                    "provider": "provider.google"
                }
            },
            "depends_on": []
        }
    ]
}
