{
    "version": 3,
    "terraform_version": "0.11.11",
    "serial": 1,
    "lineage": "49c2d591-d8e7-aff1-d190-dac092a18624",
    "modules": [
        {
            "path": [
                "root"
            ],
            "outputs": {},
            "resources": {
                "google_container_cluster.bananapp-prod": {
                    "type": "google_container_cluster",
                    "depends_on": [],
                    "primary": {
                        "id": "bananapp-prod",
                        "attributes": {
                            "additional_zones.#": "0",
                            "addons_config.#": "1",
                            "addons_config.0.horizontal_pod_autoscaling.#": "0",
                            "addons_config.0.http_load_balancing.#": "0",
                            "addons_config.0.kubernetes_dashboard.#": "1",
                            "addons_config.0.kubernetes_dashboard.0.disabled": "true",
                            "addons_config.0.network_policy_config.#": "1",
                            "addons_config.0.network_policy_config.0.disabled": "true",
                            "cluster_autoscaling.#": "0",
                            "cluster_ipv4_cidr": "10.20.0.0/14",
                            "description": "",
                            "enable_binary_authorization": "false",
                            "enable_kubernetes_alpha": "false",
                            "enable_legacy_abac": "false",
                            "enable_tpu": "false",
                            "endpoint": "35.189.87.41",
                            "id": "bananapp-prod",
                            "initial_node_count": "3",
                            "instance_group_urls.#": "1",
                            "instance_group_urls.0": "https://www.googleapis.com/compute/v1/projects/bananapp/zones/europe-west2-a/instanceGroups/gke-bananapp-prod-default-pool-0fa6aa39-grp",
                            "ip_allocation_policy.#": "0",
                            "logging_service": "logging.googleapis.com",
                            "maintenance_policy.#": "0",
                            "master_auth.#": "1",
                            "master_auth.0.client_certificate": "LS0tLS1CRUdJTiBDRVJUSUZJQ0FURS0tLS0tCk1JSUMyekNDQWNPZ0F3SUJBZ0lSQUlzd0l6cG83dzNwOXZzQlhVc2h6b293RFFZSktvWklodmNOQVFFTEJRQXcKTHpFdE1Dc0dBMVVFQXhNa01XVTBZbVk0WW1FdE5qWXpaQzAwTkdNM0xXRTFaREV0TkRnM05EQTVNRFV5WkRObApNQjRYRFRFNU1ERXdOVEUyTWpBME5Wb1hEVEkwTURFd05ERTJNakEwTlZvd0VURVBNQTBHQTFVRUF4TUdZMnhwClpXNTBNSUlCSWpBTkJna3Foa2lHOXcwQkFRRUZBQU9DQVE4QU1JSUJDZ0tDQVFFQXh5b3NTWHFnTE9uUm9VTS8KcnR6Yk05eWFEUDRWbkU2cFhvUDRRVTJtdk5qUGhrMU9ld0dXTCszTEc5bndjL3NLb0VucGJZdWZEcWtTZ2NLSgpTSWs5dXlkQVgxU1pRM0V0UkZuTDhrM2hnRjM4SXVWTktsT3QraENNOGFXQmJ1anUyWXRHZHdoVUlFK1p2eDFSCkVDMEtIelNubnJNUFRvcFM3M1hPZVNBTERPWGFuYWJ1c3ZZTE4waGgrejJsNE10T2N5QkdXZ2g1Ly9YNHg0QjEKd0w4aDdRa2pIbXNRMU82dVlNZjNSWnE4TUFhb1NzR2NCejE2OTEzQzBVdjNKYUNUZHNJZGt1QndGeVF4aWNPWApxR2ppRnc1WHljaEN1K0pCdFBCdmlHQTN4azMyUHlUQkl6dS93ZStvbHBLYnVWYzNncXUwTlh1SnZEREpZVU1NCkkxcWRiUUlEQVFBQm94QXdEakFNQmdOVkhSTUJBZjhFQWpBQU1BMEdDU3FHU0liM0RRRUJDd1VBQTRJQkFRQXUKQk5kWEgrRUNlRG1JaVhNVUxnTDVKTm5Ybzg5cXd5dUZTSEVscy9XcHNwOTNMNGRzejEyZDFUVitiYWZ5Wk84KwpTVlU5Mk1aLzBOWTZTaVlHaVg3K2J6MWFEL25rUEJRblpmNm9uYTZDWFRUd2ptMzVndjJsOVdwOUJYd2UzYzBjCk5SeTcwM01oSVJxOEN0V3FBZ0ZiRnkrWVRyb1UxVElvamFwRUhLK25HTis5UjhQRG51NzBubDJYN1hBUTR4NmUKMkxtSUFCdUN2dHVoRExPbnYvc0RwZ05Ia0NockhvZFN5RXduSGZyL0hWOTNzOHFUQWRNMlRrb0xBV2xZZjM1cQpFVXF6bTZwVnJtNnRodThqQjdlN2ZtdzliV1hHRmtlbUFxbThveFdqZFZNMmNPMVpmUEJYOVNHdi96UlAwcjNVClNMU1gyNTl2bFlFajd3UTZxV1JYCi0tLS0tRU5EIENFUlRJRklDQVRFLS0tLS0K",
                            "master_auth.0.client_certificate_config.#": "0",
                            "master_auth.0.client_key": "LS0tLS1CRUdJTiBSU0EgUFJJVkFURSBLRVktLS0tLQpNSUlFb2dJQkFBS0NBUUVBeHlvc1NYcWdMT25Sb1VNL3J0emJNOXlhRFA0Vm5FNnBYb1A0UVUybXZOalBoazFPCmV3R1dMKzNMRzlud2Mvc0tvRW5wYll1ZkRxa1NnY0tKU0lrOXV5ZEFYMVNaUTNFdFJGbkw4azNoZ0YzOEl1Vk4KS2xPdCtoQ004YVdCYnVqdTJZdEdkd2hVSUUrWnZ4MVJFQzBLSHpTbm5yTVBUb3BTNzNYT2VTQUxET1hhbmFidQpzdllMTjBoaCt6Mmw0TXRPY3lCR1dnaDUvL1g0eDRCMXdMOGg3UWtqSG1zUTFPNnVZTWYzUlpxOE1BYW9Tc0djCkJ6MTY5MTNDMFV2M0phQ1Rkc0lka3VCd0Z5UXhpY09YcUdqaUZ3NVh5Y2hDdStKQnRQQnZpR0EzeGszMlB5VEIKSXp1L3dlK29scEtidVZjM2dxdTBOWHVKdkRESllVTU1JMXFkYlFJREFRQUJBb0lCQUFwQnUxVDZhTXJVck5GOApWdDNXRjcrRjZNb1ZWaFFUYWY0SkxRSmg4Y2hsSUZveDI0STlYSmh4eTRWa1FIeEhRcTdBRFFmY1NrLzFPRDZGCi8vb1phcHd3NHphMW5ZeXFCTE14MlFLM2JPUlJQWEJTU2tVaWc1Y1pVMFRlUHVUeEZUSGt1TGVJYm9WWklXN0UKbjFMYnNFWFhUcHJwN1BaMkZ3WW9LcFFLMDM3Y1g3ODYxdzVzVWRaSU5xSjlMa3JGMFVxc2hSa1VTdnR3TDFjUgpLZlJiUXhTTlFkcDlqcnZCMkIweUdiaVJJWXBoazM3RFJCVERrMjZNUCs0aEZJWFh0eG9jOGlMZVlBNGQwMDIvCjFSTGphRnlIU1krekRDRWt5ZWo4cmM3eEpqZjE5clFqSnBuOXQ4RHRPcENvS2M2RGxBRFZpd2hmdndjNVdrSmkKbllrK0JmRUNnWUVBLzN4RGhhMjNXVHRuMmwwbE5tdEhaeXJYdVVUV2ptWUZ5QzlTQjM3cWVLMThxb01qOVZYOQo3NnF4U1ZEd01yZXNVQWY5ZzlxKzRhZ0Ezd3BLc254aFU4aWZQVmFZcCtjZVRGai9DNmsxM2plUFVjZFpYWGRHCkpCUmpNcmU1MWZ5Y2lRZzFZQ3dzalBibW0vOW00S1hOZ3RlNlJMR2NuWHBIc25XYit5UVNBcjBDZ1lFQXg1RGUKV1FDajNaOGIxUEFGWnFoYnAyRWdQRFRnZ050RzBpeDVYbXdESElReTdsdUZIRVMybmFBQm5MZ0E5QjFCS21jYQpobEYvVmhEaFcyb2pkVzBGNlEyNCtHN2IzQXhiZVFYVGpBWTkrYmhsbWNEdHNSbXZXSStGNEcxS0o3cWZmcDFQCjNmcjVHRWtFWmM0WnVia05JaXVQNisyU1pjMlEwR1poaks1dmlIRUNnWUFyUUlkUjMwbjJBbGVmb1R0R2pqemwKVzF4d0VoWmN2eXJsYkJWd0RXMTJockJmVVpwSjA0Z05CaEhEZnI5YlpycjJSWlFHdVlhdFB6citoNGlEMVFqSgpIV0xRQ0pRSmdOZ2hSc1BPM3BPdkRpcm1SbUI3c1ZDZmxSQUNLeFo4QXFzaGk5RTFlZVVFN0Z1NE56SGNnRlZkCmZGWWRnUkFwbk9UOGNtcTR4cStCNVFLQmdHVVRXWnBJZWJaZ3hLN24xa1IxVnQ2Q2tkb01pZnlaa3RnV1VHNWoKVkh3WDlOZkdvTGQ5a2VScHl3YytKclY5TDZrelNUcm9nZzdzUThlU0RWMkhGMncvV0FUejJRVXRlUkxsd1l4MQpDT1MyNFRhcmdYZW1ZNm4rSHpkWkF5cjJHWnYrUHhwVjU5M0Y5YVUrYXNjbkU2RFA0WGdEL3Biek03cHBjRlRaCmNJSHhBb0dBRjdvdk8xNkUrdlFjdkRDU203K21aRHFFZHozQjlQcnBoZG5kY2JNeTI3NTRjenlyRmtBbWdHMUIKNmZrdWlUOWFQSks4QXFST2RFVWRrVGU3U0R0SUl5alpJRGF1OWpLVkVlcVB6MFFtRGdPY0lQMCtCdGRRRjBNbgo1b3hZQlc2TVlvZU1kZHA0cWlLcnY1SGppSWNXTUtLaEZkSUpRclZFWDBnLzczbnpVNXM9Ci0tLS0tRU5EIFJTQSBQUklWQVRFIEtFWS0tLS0tCg==",
                            "master_auth.0.cluster_ca_certificate": "LS0tLS1CRUdJTiBDRVJUSUZJQ0FURS0tLS0tCk1JSURERENDQWZTZ0F3SUJBZ0lSQU4ycXJSbGxXalVSaGlYTnNxbUFvb2d3RFFZSktvWklodmNOQVFFTEJRQXcKTHpFdE1Dc0dBMVVFQXhNa01XVTBZbVk0WW1FdE5qWXpaQzAwTkdNM0xXRTFaREV0TkRnM05EQTVNRFV5WkRObApNQjRYRFRFNU1ERXdOVEUxTWpBME5Wb1hEVEkwTURFd05ERTJNakEwTlZvd0x6RXRNQ3NHQTFVRUF4TWtNV1UwClltWTRZbUV0TmpZelpDMDBOR00zTFdFMVpERXRORGczTkRBNU1EVXlaRE5sTUlJQklqQU5CZ2txaGtpRzl3MEIKQVFFRkFBT0NBUThBTUlJQkNnS0NBUUVBb2h6dEZvM2tLRkRJckUrcTlScXVVL0ZzbndJQ0p2aEp2cnZINFVvTgpOdDByUVJETlRTZFprSXE5czk3Q0daR3dxcis3SWxJZkJ3eDRrVzhtTHM2Y1NmbmRCNjZWcVExMXZYYkMvTHpuCkQrSElJeXZIYUFwYS9HdU9OemxZbGcweDAwQWxmeERScjA3cjR5Tzd5QkVBT2k4emNCU1FWaFQ5S3daNThyWFQKaGhjYk5tZlVFM2RyaXkvUnhGdHBvanc2NWYwdnRONTkwdjBEL2hrR1FTWDUra1VqZ0hEY1NpWWJGQzU2b21HVQp3NlFTcE01V2NGMm5WM042dDN0SmZPc0tnblhJSmdxYStPcmk0dWZWSHpuYUxWTTlyYWNwcUJYa21OWnc2T0IrCkJyV1BkcFBBVXhydkxXc0ZjTWZOUitRMVQ2UVdsYzFYWjVEa0JBN1AyTjNxNVFJREFRQUJveU13SVRBT0JnTlYKSFE4QkFmOEVCQU1DQWdRd0R3WURWUjBUQVFIL0JBVXdBd0VCL3pBTkJna3Foa2lHOXcwQkFRc0ZBQU9DQVFFQQpuWlZwVUs0OTkrdzRWQWFTRzdsS2xvV0ZtUmFJbGJWYXZHdWFUV2Q4RHpNK055Y09xNkd1dC9IRUpsMFRNQnZzCjE4THlyNFlVc3dVNy96ajJ4OTZlaFBGalRZZzJVc3BGSHhydStLT245RlFDVlBnNGhuRlg1eEh4TGxOQis2OFUKZmsxTTVDOThaMVE5NWJma3daS2txcWZCT3BwREtUYXZtUllxRXZnOXplTmNjUDFkK201YUJOaWQ2U0tlV05YcQpFMVUyOUo0VUQzMnZ4NU9EbzZVNDVpMzFPMjk5OXY4b0dCa0JvbUUreTJDeHdMN1hYNFptMlVRRmhheFJwa0JTCnp0WE5HSkxDR1RDUG53amo5MDVzaERhclBvWS93OEtBWmZxU1ZOVkxQaktXSTdBcFRYNlgvYzFhSWhXVzVhaVMKa2xxcklkaW11RnExYnliSC9PS2RJQT09Ci0tLS0tRU5EIENFUlRJRklDQVRFLS0tLS0K",
                            "master_auth.0.password": "lDUng6Mz60GoXw2K",
                            "master_auth.0.username": "admin",
                            "master_authorized_networks_config.#": "0",
                            "master_ipv4_cidr_block": "",
                            "master_version": "1.10.9-gke.5",
                            "monitoring_service": "monitoring.googleapis.com",
                            "name": "bananapp-prod",
                            "network": "projects/bananapp/global/networks/default",
                            "network_policy.#": "1",
                            "network_policy.0.enabled": "false",
                            "network_policy.0.provider": "PROVIDER_UNSPECIFIED",
                            "node_config.#": "1",
                            "node_config.0.disk_size_gb": "100",
                            "node_config.0.disk_type": "pd-standard",
                            "node_config.0.guest_accelerator.#": "0",
                            "node_config.0.image_type": "COS",
                            "node_config.0.labels.%": "0",
                            "node_config.0.local_ssd_count": "0",
                            "node_config.0.machine_type": "n1-standard-1",
                            "node_config.0.metadata.%": "0",
                            "node_config.0.min_cpu_platform": "",
                            "node_config.0.oauth_scopes.#": "2",
                            "node_config.0.oauth_scopes.1277378754": "https://www.googleapis.com/auth/monitoring",
                            "node_config.0.oauth_scopes.172152165": "https://www.googleapis.com/auth/logging.write",
                            "node_config.0.preemptible": "false",
                            "node_config.0.service_account": "default",
                            "node_config.0.tags.#": "0",
                            "node_config.0.taint.#": "0",
                            "node_config.0.workload_metadata_config.#": "0",
                            "node_pool.#": "1",
                            "node_pool.0.autoscaling.#": "0",
                            "node_pool.0.initial_node_count": "3",
                            "node_pool.0.instance_group_urls.#": "1",
                            "node_pool.0.instance_group_urls.0": "https://www.googleapis.com/compute/v1/projects/bananapp/zones/europe-west2-a/instanceGroupManagers/gke-bananapp-prod-default-pool-0fa6aa39-grp",
                            "node_pool.0.management.#": "1",
                            "node_pool.0.management.0.auto_repair": "false",
                            "node_pool.0.management.0.auto_upgrade": "false",
                            "node_pool.0.max_pods_per_node": "0",
                            "node_pool.0.name": "default-pool",
                            "node_pool.0.name_prefix": "",
                            "node_pool.0.node_config.#": "1",
                            "node_pool.0.node_config.0.disk_size_gb": "100",
                            "node_pool.0.node_config.0.disk_type": "pd-standard",
                            "node_pool.0.node_config.0.guest_accelerator.#": "0",
                            "node_pool.0.node_config.0.image_type": "COS",
                            "node_pool.0.node_config.0.labels.%": "0",
                            "node_pool.0.node_config.0.local_ssd_count": "0",
                            "node_pool.0.node_config.0.machine_type": "n1-standard-1",
                            "node_pool.0.node_config.0.metadata.%": "0",
                            "node_pool.0.node_config.0.min_cpu_platform": "",
                            "node_pool.0.node_config.0.oauth_scopes.#": "2",
                            "node_pool.0.node_config.0.oauth_scopes.1277378754": "https://www.googleapis.com/auth/monitoring",
                            "node_pool.0.node_config.0.oauth_scopes.172152165": "https://www.googleapis.com/auth/logging.write",
                            "node_pool.0.node_config.0.preemptible": "false",
                            "node_pool.0.node_config.0.service_account": "default",
                            "node_pool.0.node_config.0.tags.#": "0",
                            "node_pool.0.node_config.0.taint.#": "0",
                            "node_pool.0.node_config.0.workload_metadata_config.#": "0",
                            "node_pool.0.node_count": "3",
                            "node_pool.0.version": "1.10.9-gke.5",
                            "node_version": "1.10.9-gke.5",
                            "pod_security_policy_config.#": "0",
                            "private_cluster": "false",
                            "private_cluster_config.#": "0",
                            "project": "bananapp",
                            "resource_labels.%": "0",
                            "subnetwork": "projects/bananapp/regions/europe-west2/subnetworks/default",
                            "zone": "europe-west2-a"
                        },
                        "meta": {
                            "e2bfb730-ecaa-11e6-8f88-34363bc7c4c0": {
                                "create": 1800000000000,
                                "delete": 1800000000000,
                                "update": 600000000000
                            },
                            "schema_version": "1"
                        },
                        "tainted": false
                    },
                    "deposed": [],
                    "provider": "provider.google"
                }
            },
            "depends_on": []
        }
    ]
}
