{
    "version": 3,
    "terraform_version": "0.11.11",
    "serial": 11,
    "lineage": "0f1be2df-c570-0ba5-37ce-6331f90ba3e6",
    "modules": [
        {
            "path": [
                "root"
            ],
            "outputs": {
                "gcr_location": {
                    "sensitive": false,
                    "type": "string",
                    "value": "gcr.io/banapp"
                },
                "get-credentials-cmd": {
                    "sensitive": false,
                    "type": "string",
                    "value": "gcloud container clusters get-credentials banapp-staging --zone europe-west2-a"
                }
            },
            "resources": {
                "data.google_container_registry_repository.banapp": {
                    "type": "google_container_registry_repository",
                    "depends_on": [],
                    "primary": {
                        "id": "gcr.io/banapp",
                        "attributes": {
                            "id": "gcr.io/banapp",
                            "project": "banapp",
                            "repository_url": "gcr.io/banapp"
                        },
                        "meta": {},
                        "tainted": false
                    },
                    "deposed": [],
                    "provider": "provider.google"
                },
                "google_container_cluster.banapp-staging": {
                    "type": "google_container_cluster",
                    "depends_on": [],
                    "primary": {
                        "id": "banapp-staging",
                        "attributes": {
                            "additional_zones.#": "0",
                            "addons_config.#": "1",
                            "addons_config.0.horizontal_pod_autoscaling.#": "0",
                            "addons_config.0.http_load_balancing.#": "0",
                            "addons_config.0.kubernetes_dashboard.#": "1",
                            "addons_config.0.kubernetes_dashboard.0.disabled": "true",
                            "addons_config.0.network_policy_config.#": "1",
                            "addons_config.0.network_policy_config.0.disabled": "true",
                            "cluster_autoscaling.#": "0",
                            "cluster_ipv4_cidr": "10.36.0.0/14",
                            "description": "",
                            "enable_binary_authorization": "false",
                            "enable_kubernetes_alpha": "false",
                            "enable_legacy_abac": "false",
                            "enable_tpu": "false",
                            "endpoint": "35.246.3.66",
                            "id": "banapp-staging",
                            "initial_node_count": "3",
                            "instance_group_urls.#": "1",
                            "instance_group_urls.0": "https://www.googleapis.com/compute/v1/projects/banapp/zones/europe-west2-a/instanceGroups/gke-banapp-staging-default-pool-92353f1f-grp",
                            "ip_allocation_policy.#": "0",
                            "logging_service": "logging.googleapis.com",
                            "maintenance_policy.#": "0",
                            "master_auth.#": "1",
                            "master_auth.0.client_certificate": "LS0tLS1CRUdJTiBDRVJUSUZJQ0FURS0tLS0tCk1JSUMyekNDQWNPZ0F3SUJBZ0lSQUs3bytudzZGOGpGb1hZOWliWHdlRzh3RFFZSktvWklodmNOQVFFTEJRQXcKTHpFdE1Dc0dBMVVFQXhNa01tUmtNakk1Tm1ZdE16RmtZaTAwTVdOaExUZ3pOell0TjJFME5qVmpZamxrWXpJNQpNQjRYRFRFNU1ERXdOakUyTURVME5sb1hEVEkwTURFd05URTJNRFUwTmxvd0VURVBNQTBHQTFVRUF4TUdZMnhwClpXNTBNSUlCSWpBTkJna3Foa2lHOXcwQkFRRUZBQU9DQVE4QU1JSUJDZ0tDQVFFQTZ5dVlUSHVFbGdiU3RtbVgKOTJpaUxlTjVYMS9YWW52R2pMalVNN0I1M3dUTG5iVHlBR0lROTRrSytPNXRNNERCelljQ3FtOWNSa25ocU9PUwpvdU5scHBrL3IxVk5qdGZJVmxvV1pyNXc2ZkRVQ0UzaE00a1lURXU1SDFHb244VnJLZS9EU1cvTmt1cHNXVk96CkJzNldvb21DM2tWVVZMVzlDRHJ1dTlPQlJHQzNFYUVicTZBWWMxa0NHMTNUcmRzcWNsa1g3VEh3Y29KdzRmcTEKK3JBdU94UFgzaVBsNENYZDdFODh3R3ZoUmViY3JTSU5qNmhZS3A2QmFzQnRQNnNaelBFejdUUWhnWUlidENOWQpodndGTVB0VUxyUGVVbUdIN0dBYUxtSTF3RnN2S2hzTnFEZ0J4bHlDNnoyNUVwdDA4ZjduZHZRUTVGNnpqSzFnClNNOVB0UUlEQVFBQm94QXdEakFNQmdOVkhSTUJBZjhFQWpBQU1BMEdDU3FHU0liM0RRRUJDd1VBQTRJQkFRQXoKNXgvZEwwNFVXRnBHbEp1Wmp1M21ibSt3b2tzNzgxMDhzNEpuWWpFL0RYbDMvSExUMjdhdnRLZ3g5U0YvcUkxMgovckZIbmZiQ2tjS0NYSzZnMFc4YS9DL1RHVXI3T3lmRDh3RndnMmRIZEE0YXVSOFBiQnl3SGdnbHNOSDhQTkRGCjNaKzkyQXVidC9KeUpocEkvU0krWEFlejJqN0hYUHVqN3dCeldBdlFTMlhaemhQVFlQTG5SZ1RSQy80SlBSUGIKQXFoYzZYL1hGL09JR0RkcFBMbHFQc3hxaXZMN0NUMWl0TUMvNnhQOEdsTWFFekpPc0cwcm9uYTY5SzRnSC82VgpCa2Q1ZS8xZ3BtQ2tnNHJSREc3SHRrVjAxYVhYWXdGV3ZYY2dGL2tJYTlpQ3lJYk1sTzhDclM5SGRqL2JJUGEzCjJYZzZ4M1MxaXRwUmZGUnN4NVEwCi0tLS0tRU5EIENFUlRJRklDQVRFLS0tLS0K",
                            "master_auth.0.client_certificate_config.#": "0",
                            "master_auth.0.client_key": "LS0tLS1CRUdJTiBSU0EgUFJJVkFURSBLRVktLS0tLQpNSUlFb2dJQkFBS0NBUUVBNnl1WVRIdUVsZ2JTdG1tWDkyaWlMZU41WDEvWFludkdqTGpVTTdCNTN3VExuYlR5CkFHSVE5NGtLK081dE00REJ6WWNDcW05Y1JrbmhxT09Tb3VObHBway9yMVZOanRmSVZsb1dacjV3NmZEVUNFM2gKTTRrWVRFdTVIMUdvbjhWcktlL0RTVy9Oa3Vwc1dWT3pCczZXb29tQzNrVlVWTFc5Q0RydXU5T0JSR0MzRWFFYgpxNkFZYzFrQ0cxM1RyZHNxY2xrWDdUSHdjb0p3NGZxMStyQXVPeFBYM2lQbDRDWGQ3RTg4d0d2aFJlYmNyU0lOCmo2aFlLcDZCYXNCdFA2c1p6UEV6N1RRaGdZSWJ0Q05ZaHZ3Rk1QdFVMclBlVW1HSDdHQWFMbUkxd0Zzdktoc04KcURnQnhseUM2ejI1RXB0MDhmN25kdlFRNUY2empLMWdTTTlQdFFJREFRQUJBb0lCQUhHMFQxdlRjT1MxQWRadQpzYXBPN2ZNd0EvUW9POVNETWhuQ0Y5K3lHUXJLbjhSdHc0Q0o2ZGcxYTVlMmVCZ3B6Z3FZbDZKZVc0Z2ttclgwCjZtWlZla1dWM1NQaUk3RElCall5TXBpVXhiVm0ycTMxTWNpZ0paNW1FbWpoSzUyc2IwY0VoVENSblJ6R3VZSnIKSktsSzQ2eE12bmpIbnFHaWlYWmNRQ2VTZVBMY3Z3R0tlYzFTNzlubVVWL09zMTdBK0haMDAwUzI3aUo5am05RApEZVlJL3NlZlFxUkFGa2taVWRVdjNidWJxRkpHQmFHcjZNejV2K0F0Wk40MSs4NjZSY0hwRWwra0o5ZXg4M1lDCnVZVEgwSDZ2MXNhV0ZiMmpsR0tIQzJPdWVxbldzc0poMkFBVlhnRThWRDdkRVZqWm9hK1dwU0VnZC84OTl0c3gKNjRMZ2V2VUNnWUVBOWtvOFQ4VlRWVTR4S2tTZnJkK3ZDZE8rR2wyblZlOW4wWDMvUWlydkgvem5YWjdJZUtvVQpjTG5vd2F1ZzdFdnlLa0U2WWh1VFBOSmptYWZVNElrbDJtK3pvYXZWMFRINTcwMlNkWWxBdzV2NmhDSEVQbzNNClJMcHdCM21qeHFRdnZVOFFuejV6cXFjYm9SWXpjUUR6UU84UXFzWlZsaGtHWjdqZS9RVWtSMzhDZ1lFQTlIRWgKVDBRaHVWS0dyQ2VRa0h3MU94RWJhclpIV3VEYkFEdzZ3QStGMEV2SFN6RHVJUmJTVkhhQU5vOG5qeXhWZCtBVApzbFJpVFpheitCZWhQeW90M0dMNlhpRytLdHVHNHpxdjhqMkJMSUlGMmF0UmZhRFFpOUVJMWdDaGx0RGN1ZHJ3ClhZTXVPenA2SUZCVTQ3eDY1bGFEZFhxdHZXeWloSE96TUNSVVlzc0NnWUJjTlA3UGZyanNQeEg1R1NnUEdLZVgKcmthRjZIbzFtaVBzTXBmV1ZleWd0VGFKdm1DZmpFMkt4bzkxc3FQVTA3b2VSNzFyN1piNk5tcERwS24yUm1KOQpuVVJMU3VJS0tBUENxL0FoUVBtV1FsZFFFTFJBRnlaYXROSXNla1h1b0ptZTduTHlxNWJ5VlEzckNUekpHZW40CmJZaDM1emt6c0xyTktsR1J1Tk1VVVFLQmdFWkgvTGJJdFJXT3A4LzV0RFFHc2x0Z1NNeSt5ZmRVTFVOOURidEkKKzBWdmRFYW5NK0JwcW1IRWpJcWpVRkYzQXIvcnVsNE1xeEw1NEpiVlhIUkgwVlhMVTRjYkZvMUYveHQ0TlR4bAorS3p1V1haRExyUDdOOXJyYUNuM2xuNUJZU1ZDME5kaUx6bXlUNGpZNy85bW9zTjFYbWk1dEJpQmtweVlrNDJrCjlHcFBBb0dBYWUrakoxQXJpUXBUR2E2bURmUXQ3R09NaEdjL3E2S1lIZkNDcUptRDF2bVZGbzRvVm96SWEzU04KVElaVUo4SksvTjBiSnlzV2Y1WDFBQWFMeFhPM2FZMWZDazlpSzhLSXA3TTlIU3Z4VnJjWkgxQy84RU1iKzBOTgpqWWJYVXV4b1ZCY0pNdHZLOVc4Vy8zcGNubDUwem5CNTdkYTdGRVh1TzZiWDRIUWVWTW89Ci0tLS0tRU5EIFJTQSBQUklWQVRFIEtFWS0tLS0tCg==",
                            "master_auth.0.cluster_ca_certificate": "LS0tLS1CRUdJTiBDRVJUSUZJQ0FURS0tLS0tCk1JSURDekNDQWZPZ0F3SUJBZ0lRTy83bndoSGIyOEZvUXBOQXVEQmxEekFOQmdrcWhraUc5dzBCQVFzRkFEQXYKTVMwd0t3WURWUVFERXlReVpHUXlNamsyWmkwek1XUmlMVFF4WTJFdE9ETTNOaTAzWVRRMk5XTmlPV1JqTWprdwpIaGNOTVRrd01UQTJNVFV3TlRRMldoY05NalF3TVRBMU1UWXdOVFEyV2pBdk1TMHdLd1lEVlFRREV5UXlaR1F5Ck1qazJaaTB6TVdSaUxUUXhZMkV0T0RNM05pMDNZVFEyTldOaU9XUmpNamt3Z2dFaU1BMEdDU3FHU0liM0RRRUIKQVFVQUE0SUJEd0F3Z2dFS0FvSUJBUURUVmdDcnhpS1FlWVZuQ29rTGViOW9OeFYzeGZWWTJta3lwQlJrWTVxQgppSlpCbStWQ3N2b0dYT0JFbDgwQXh3bno2MmpMUEdWYkZVUXlJY0pSSXpKazRrN1Q4RVYxRVkva3MzKzQ4cmgwCk01RXJHN0RvTGdYUm5LQ3NEYzA2MWtvTmt1OXRpWTF6OTZubmkxS29sa3JXblZFTVNrb1VUWEI5YjhTbUNFbmYKMkx4cXl1dzI3T0Zyck4xRm0ySnRaUVh0Q1dUZ1VUaXpWcENGRTl4UXViUGhPMEZlTE5OWitRcG1XQ1IvVmJvZwpoQzdOYkNoLzRweHEwSFhvZ0F2V1ZyQmloODA3bWY0RGVITkZGRjdqVXBYaWdnMGpDMmkxR0xZcXpoc25FZ0xjCmVCZ0NNWXdSWHp2cVh2NWFVL1REWW9BdVZGRnIxMGF3UGdBd0JFRTlsUjhGQWdNQkFBR2pJekFoTUE0R0ExVWQKRHdFQi93UUVBd0lDQkRBUEJnTlZIUk1CQWY4RUJUQURBUUgvTUEwR0NTcUdTSWIzRFFFQkN3VUFBNElCQVFDUwpzU0xHa1RBSjA4d2lqQUQvcDVGZmVXdHdCc01MMGFwWlhodUhYWnl2MG1yYWYzL0NQcHZFSDBseU9jMjFmQjU3CjF5WmhDSjU2VTQ2SXhwOHJnZ1AzSUpBSFppRUV3U0w0aTJFQWtOdlRUaHlsRllOc1JaZnlVRyt0T0hNWEtZMnkKWHZESGdKNG0ybGFROXY0UG1OK3pkQUp6YVR0RHNuQ0NEK2dta0Npb2kzVDNwUGJXODBEbU1CZWxNWkk2TXlJbgo0UVBMRHVydFR1b3laWlZJVjVBbkhQS2JFdmFWRjE2UlZtTHZ2L2MzRUN1SEljMGs0WHB1clJ1dXVUSmplMklFCjJvUXg1UjZacW1ZL2Q1ZTcwMFk3N1pTSExpZjc3RzAwUW5uY3ovUTJpSkZBTWtlYXZMalBUWTk4WVhTdnRET3YKNkMzT2oydmdZTUdkZjRkNEI0WTYKLS0tLS1FTkQgQ0VSVElGSUNBVEUtLS0tLQo=",
                            "master_auth.0.password": "1rBREk0qjBDiOoEp",
                            "master_auth.0.username": "admin",
                            "master_authorized_networks_config.#": "0",
                            "master_ipv4_cidr_block": "",
                            "master_version": "1.10.9-gke.5",
                            "monitoring_service": "monitoring.googleapis.com",
                            "name": "banapp-staging",
                            "network": "projects/banapp/global/networks/default",
                            "network_policy.#": "1",
                            "network_policy.0.enabled": "false",
                            "network_policy.0.provider": "PROVIDER_UNSPECIFIED",
                            "node_config.#": "1",
                            "node_config.0.disk_size_gb": "10",
                            "node_config.0.disk_type": "pd-standard",
                            "node_config.0.guest_accelerator.#": "0",
                            "node_config.0.image_type": "COS",
                            "node_config.0.labels.%": "0",
                            "node_config.0.local_ssd_count": "0",
                            "node_config.0.machine_type": "n1-standard-1",
                            "node_config.0.metadata.%": "0",
                            "node_config.0.min_cpu_platform": "",
                            "node_config.0.oauth_scopes.#": "6",
                            "node_config.0.oauth_scopes.1277378754": "https://www.googleapis.com/auth/monitoring",
                            "node_config.0.oauth_scopes.1632638332": "https://www.googleapis.com/auth/devstorage.read_only",
                            "node_config.0.oauth_scopes.172152165": "https://www.googleapis.com/auth/logging.write",
                            "node_config.0.oauth_scopes.316356861": "https://www.googleapis.com/auth/service.management.readonly",
                            "node_config.0.oauth_scopes.3663490875": "https://www.googleapis.com/auth/servicecontrol",
                            "node_config.0.oauth_scopes.3859019814": "https://www.googleapis.com/auth/trace.append",
                            "node_config.0.preemptible": "false",
                            "node_config.0.service_account": "default",
                            "node_config.0.tags.#": "0",
                            "node_config.0.taint.#": "0",
                            "node_config.0.workload_metadata_config.#": "0",
                            "node_pool.#": "1",
                            "node_pool.0.autoscaling.#": "0",
                            "node_pool.0.initial_node_count": "3",
                            "node_pool.0.instance_group_urls.#": "1",
                            "node_pool.0.instance_group_urls.0": "https://www.googleapis.com/compute/v1/projects/banapp/zones/europe-west2-a/instanceGroupManagers/gke-banapp-staging-default-pool-92353f1f-grp",
                            "node_pool.0.management.#": "1",
                            "node_pool.0.management.0.auto_repair": "false",
                            "node_pool.0.management.0.auto_upgrade": "false",
                            "node_pool.0.max_pods_per_node": "0",
                            "node_pool.0.name": "default-pool",
                            "node_pool.0.name_prefix": "",
                            "node_pool.0.node_config.#": "1",
                            "node_pool.0.node_config.0.disk_size_gb": "10",
                            "node_pool.0.node_config.0.disk_type": "pd-standard",
                            "node_pool.0.node_config.0.guest_accelerator.#": "0",
                            "node_pool.0.node_config.0.image_type": "COS",
                            "node_pool.0.node_config.0.labels.%": "0",
                            "node_pool.0.node_config.0.local_ssd_count": "0",
                            "node_pool.0.node_config.0.machine_type": "n1-standard-1",
                            "node_pool.0.node_config.0.metadata.%": "0",
                            "node_pool.0.node_config.0.min_cpu_platform": "",
                            "node_pool.0.node_config.0.oauth_scopes.#": "6",
                            "node_pool.0.node_config.0.oauth_scopes.1277378754": "https://www.googleapis.com/auth/monitoring",
                            "node_pool.0.node_config.0.oauth_scopes.1632638332": "https://www.googleapis.com/auth/devstorage.read_only",
                            "node_pool.0.node_config.0.oauth_scopes.172152165": "https://www.googleapis.com/auth/logging.write",
                            "node_pool.0.node_config.0.oauth_scopes.316356861": "https://www.googleapis.com/auth/service.management.readonly",
                            "node_pool.0.node_config.0.oauth_scopes.3663490875": "https://www.googleapis.com/auth/servicecontrol",
                            "node_pool.0.node_config.0.oauth_scopes.3859019814": "https://www.googleapis.com/auth/trace.append",
                            "node_pool.0.node_config.0.preemptible": "false",
                            "node_pool.0.node_config.0.service_account": "default",
                            "node_pool.0.node_config.0.tags.#": "0",
                            "node_pool.0.node_config.0.taint.#": "0",
                            "node_pool.0.node_config.0.workload_metadata_config.#": "0",
                            "node_pool.0.node_count": "3",
                            "node_pool.0.version": "1.10.9-gke.5",
                            "node_version": "1.10.9-gke.5",
                            "pod_security_policy_config.#": "0",
                            "private_cluster": "false",
                            "private_cluster_config.#": "0",
                            "project": "banapp",
                            "resource_labels.%": "0",
                            "subnetwork": "projects/banapp/regions/europe-west2/subnetworks/default",
                            "zone": "europe-west2-a"
                        },
                        "meta": {
                            "e2bfb730-ecaa-11e6-8f88-34363bc7c4c0": {
                                "create": 1800000000000,
                                "delete": 1800000000000,
                                "update": 600000000000
                            },
                            "schema_version": "1"
                        },
                        "tainted": false
                    },
                    "deposed": [],
                    "provider": "provider.google"
                }
            },
            "depends_on": []
        }
    ]
}
