{
    "version": 3,
    "terraform_version": "0.11.11",
    "serial": 11,
    "lineage": "0f1be2df-c570-0ba5-37ce-6331f90ba3e6",
    "modules": [
        {
            "path": [
                "root"
            ],
            "outputs": {
                "gcr_location": {
                    "sensitive": false,
                    "type": "string",
                    "value": "gcr.io/banapp"
                },
                "get-credentials-cmd": {
                    "sensitive": false,
                    "type": "string",
                    "value": "gcloud container clusters get-credentials banapp-staging --zone europe-west2-a"
                }
            },
            "resources": {
                "data.google_container_registry_repository.banapp": {
                    "type": "google_container_registry_repository",
                    "depends_on": [],
                    "primary": {
                        "id": "gcr.io/banapp",
                        "attributes": {
                            "id": "gcr.io/banapp",
                            "project": "banapp",
                            "repository_url": "gcr.io/banapp"
                        },
                        "meta": {},
                        "tainted": false
                    },
                    "deposed": [],
                    "provider": "provider.google"
                },
                "google_container_cluster.banapp-staging": {
                    "type": "google_container_cluster",
                    "depends_on": [],
                    "primary": {
                        "id": "banapp-staging",
                        "attributes": {
                            "additional_zones.#": "0",
                            "addons_config.#": "1",
                            "addons_config.0.horizontal_pod_autoscaling.#": "0",
                            "addons_config.0.http_load_balancing.#": "0",
                            "addons_config.0.kubernetes_dashboard.#": "1",
                            "addons_config.0.kubernetes_dashboard.0.disabled": "true",
                            "addons_config.0.network_policy_config.#": "1",
                            "addons_config.0.network_policy_config.0.disabled": "true",
                            "cluster_autoscaling.#": "0",
                            "cluster_ipv4_cidr": "10.28.0.0/14",
                            "description": "",
                            "enable_binary_authorization": "false",
                            "enable_kubernetes_alpha": "false",
                            "enable_legacy_abac": "false",
                            "enable_tpu": "false",
                            "endpoint": "35.230.138.216",
                            "id": "banapp-staging",
                            "initial_node_count": "3",
                            "instance_group_urls.#": "1",
                            "instance_group_urls.0": "https://www.googleapis.com/compute/v1/projects/banapp/zones/europe-west2-a/instanceGroups/gke-banapp-staging-default-pool-3b71797c-grp",
                            "ip_allocation_policy.#": "0",
                            "logging_service": "logging.googleapis.com",
                            "maintenance_policy.#": "0",
                            "master_auth.#": "1",
                            "master_auth.0.client_certificate": "LS0tLS1CRUdJTiBDRVJUSUZJQ0FURS0tLS0tCk1JSUMyekNDQWNPZ0F3SUJBZ0lSQUlLOEJrYjY5U2hQVXlWaVIwa3orcGd3RFFZSktvWklodmNOQVFFTEJRQXcKTHpFdE1Dc0dBMVVFQXhNa016VTFNemxqTlRNdFlUUTRaaTAwTmpWa0xUazBOVE10WVRreU56QXhPRE5rTlRFMApNQjRYRFRFNU1ERXdOakUxTVRnd05Gb1hEVEkwTURFd05URTFNVGd3TkZvd0VURVBNQTBHQTFVRUF4TUdZMnhwClpXNTBNSUlCSWpBTkJna3Foa2lHOXcwQkFRRUZBQU9DQVE4QU1JSUJDZ0tDQVFFQTArR0V5NW5GcU8xcXZncWIKdmlxb0VwcHBoZXJrbFZaRE9jMzV6c0l6M1Rub1Jtb1Z6aWtkWTAzOVNHV0pBWGtJZUd4czRtcTEvNDA3TjBxRAplYllkclBFdXN0K1JSU1JxNjR5OUo4THl2TTVwcWpGQk1lbU1tcmFlK2xIRnAzOHZkUTdzdkZSL0hIaGFmcHViCkJLMS9LOWVFVlhMbFd1TStwYXA0bGRveHo5bmhrbXo3S1YzOXFpUUdkYnhyVXV6V2pjWUZ5TDhBNStxY1dJS3UKNjFhd2FFNHl5dHNTejRDbENpVDNzQ0FjMXRmRGlVbS9heDRmVlFVdkQvWjc3WDJBMXpBK1pOd3VwR0EzdlF5NApJNTdCcEZuUUxZTzZCaldndHVTazloeTJ0cmdZSG03MWZqc2xwWVRlRGw4MzVsVm8zazRMYlBIV0lHd1ppYUkzCmlPVElNUUlEQVFBQm94QXdEakFNQmdOVkhSTUJBZjhFQWpBQU1BMEdDU3FHU0liM0RRRUJDd1VBQTRJQkFRREwKQjMrNHduVm1udXRGV05lRExWc2VQR2tLNGxwMTNnVjVWRjlmQ1I2ZzNHZFFBR3Z0dVI5NXhBU0tCL1RTamt1SgpIa0xhRFdDZXZuR2pZeXNBRUpLSi9zZFNLVS9SYTNrZmpBUjhrczlTT2cvV0pJbUprSnZna0czVzJsV2FpY2RoCmJZckkyZUYydTBXZW9BdlpDLzA2RnVKZzJyak5GQUQ1bFhEZEVGYzJDNzN2Sm5meW53MGNZUHpaeU9WSWYvS1MKbExHdmg3eFlFbzI1Z0ZiUlRtWURMRWlqbnhUaVQ1STk4WmhnYnBiSlhNbWtHZTFZZ0ttMmZoMjhteFhXNi9EdApubHJGWm0yTW5CLy92RXFSRUVJcXltQ0l3N3NZVDhTWTgvVzRTeU1lQXQyc1RjYUhyVkRidktBTlhST1BjTTM3CnRwdEN3SDV6NDAyNmZCUEt3MHY4Ci0tLS0tRU5EIENFUlRJRklDQVRFLS0tLS0K",
                            "master_auth.0.client_certificate_config.#": "0",
                            "master_auth.0.client_key": "LS0tLS1CRUdJTiBSU0EgUFJJVkFURSBLRVktLS0tLQpNSUlFcEFJQkFBS0NBUUVBMCtHRXk1bkZxTzFxdmdxYnZpcW9FcHBwaGVya2xWWkRPYzM1enNJejNUbm9SbW9WCnppa2RZMDM5U0dXSkFYa0llR3hzNG1xMS80MDdOMHFEZWJZZHJQRXVzdCtSUlNScTY0eTlKOEx5dk01cHFqRkIKTWVtTW1yYWUrbEhGcDM4dmRRN3N2RlIvSEhoYWZwdWJCSzEvSzllRVZYTGxXdU0rcGFwNGxkb3h6OW5oa216NwpLVjM5cWlRR2RieHJVdXpXamNZRnlMOEE1K3FjV0lLdTYxYXdhRTR5eXRzU3o0Q2xDaVQzc0NBYzF0ZkRpVW0vCmF4NGZWUVV2RC9aNzdYMkExekErWk53dXBHQTN2UXk0STU3QnBGblFMWU82QmpXZ3R1U2s5aHkydHJnWUhtNzEKZmpzbHBZVGVEbDgzNWxWbzNrNExiUEhXSUd3WmlhSTNpT1RJTVFJREFRQUJBb0lCQUNQc1p3NzhGZUt6eWpiSgpacW1CNHZnd2ZQYXJJakZkckUwM0tvVVBNU3J2Zi8yOFM5RWw4R2tmVm5PNVgxYkVGaGNRenc4K1ozZ2FFbkduCjdRMnNQbkROZll6dlVkcUd0NmdUTnhqd09TYWcycEowQW1rN2YwN1Y2ck5uUE50T3VaV2Z2NnlZcU9xRFQxaUsKK21mN0lJWW01clYwSXdYYlpJcERFbW5aMGpzNmx2UWdPL0RCV0RTWC9qZU5Zc0hFenpZMkpTU0ZrbEJ3NHIzQQowTHdMQXJ3RVlGSVRid0t4ckRteUR4cFBMNFd2VHBoZ0xlR09YYWg3TWtNK0lBblVuODNuOUQySVNGYW5KQ2dkCjEza01oaDdyYm82eFZFRmtGMDZSdk5hNEJWQlk1UFhyZFR1dGNHakZxMUc3ei9mbFFvRGF3ancyWFFkQzJ4VjcKTmxQa0FnOENnWUVBL3RmVGwzVDE0ODlkRWJkV2NER1V6ekl3dmdIdThFUTFwOVZvQW1LcmlDbnczZ05sRkI3bgpLSEs4bUZzaXN5V3BBN3YzY3FvYzZLN2hXWS9qVWpQSXVqOVo5Tk9CYk93MlpaczdZQmQ1YktpaXEwZHNqZmoxCmhDaVVVaHBuZC91S2I3V202dkpMRVpRbXpjbSttNndZd0VwbDBuRGtVdTl6bkwyU0pTNy8xbGNDZ1lFQTFOZkQKTVV1U1hnZHNMS2lvbElXS0wzM1ZqVE9OaFNNS05SeGZBaXgrb0toRjhFaUZSNFo2ek9MVTIybWdXWlJGdVhCaQo5bmQ3SWNkc1p0NFR6VFpwMzBwWnJUQ0lJcWlGTFBWTFowMUtDbiswcXY3Y09qMGtGRzVQc1RScGdNREZwdDYxCm16ZlhQWG5XTzk4Nmxvc2xOUG5aZWJhL3BWMzRCOEFRWmd6WDhMY0NnWUVBeHExU2E1Q21wbzBpZk01WEdDNi8KV2UxQ0xNL3JET3ZRZk9FV0xrM29kc1pqMzJIOEtueVJNR3FLOTZpTlcrY3ZaaGJqcWtSUE4yUW5rYUJvMDh4RgpZRlpGZG1aeVQ0MjBOdkNYa0ttY1k0YnhFdUVqRTJnVldJd2VYZ2Z4eEl1WmVNL0Fxd2hzVis4TmRZQWtGczlMCm1KWW4zYkZmZi96b1FEbFd0NkIxbWc4Q2dZQm5kR1NsSGxXTHJOSHd0eDRSNndMcTZLQVhYUnFKdnlsai9XRlUKM2luQ2oyaEhUZ2l5Wm5Sa0NGRnNRT0EzQ25JRm05SU9lSzc2RVVQb2tFTlJ1UVFuQzYyaEYvamoxOE83d1pNZwpLQm80RmpETCtNczA1NmtVNFRXTkxhdW1jSXpoK2xpTmxNdmpUc2hLRzh3UGhwelVMaWwrRnN6NlpUMTlEdWNwCm8wNkc2d0tCZ1FDcmRReDAwOGFJSW9xN0hnRWJJM3BpNWJMTmhqZ1libDByckNndU80MzFLdWMyK29lNVFFMCsKbHdYWWNLd1BkUzgxYktlTWJaYVNqNTdib05hVlY3VXBQZVB4dzY3bUplMTFuRndOSVNvWGdRZnFBZTZmSTN5WgphV0xyVGVmWVlsSVZyZXdkZVRRMHBNclF1NGdjeS9aSG9LQ1FkQlowR3Z2bDB2TGhTQkNVZmc9PQotLS0tLUVORCBSU0EgUFJJVkFURSBLRVktLS0tLQo=",
                            "master_auth.0.cluster_ca_certificate": "LS0tLS1CRUdJTiBDRVJUSUZJQ0FURS0tLS0tCk1JSURERENDQWZTZ0F3SUJBZ0lSQVBoRng5RUovYmliZmwrRlVJNzRqNjB3RFFZSktvWklodmNOQVFFTEJRQXcKTHpFdE1Dc0dBMVVFQXhNa016VTFNemxqTlRNdFlUUTRaaTAwTmpWa0xUazBOVE10WVRreU56QXhPRE5rTlRFMApNQjRYRFRFNU1ERXdOakUwTVRnd00xb1hEVEkwTURFd05URTFNVGd3TTFvd0x6RXRNQ3NHQTFVRUF4TWtNelUxCk16bGpOVE10WVRRNFppMDBOalZrTFRrME5UTXRZVGt5TnpBeE9ETmtOVEUwTUlJQklqQU5CZ2txaGtpRzl3MEIKQVFFRkFBT0NBUThBTUlJQkNnS0NBUUVBMmEvL0ZBcXNTUURtendXUVA1UGkvNkc0aStXMlZha1FnUVhUN0cxTgpxd0g1WUJGVEZXZnhqZFkxN3gxTWQ5MTlaZ2VwbmMvd2JZSDR1c3BIOTkvTXRRWnc0bUdrRHhBclN4Qm02eWpyCmk1QXArT3dmMU9acVF3dlY5R1pzNEo0K2t5Y20zcEhIcjNmMWQ3bmVvNUlqV3lwODRlK0RnUlQ2V1huSUNwU0gKRHBlSjhMR2NGOTErUXR2Rk5FSVdWc3RrcEF0SEp1ZmZkQldLVHR4Y1RJcGhrNHlLakNPcnJCTXpJYjZIbWVQdgpQYU9UMWRWOXgrNy8vQXJNU0RHVk9CSnBuYWVNckM5aVJZSGtiMXJqVXRpeDUwT1IzR0txQ0dsZldNK0JMT1I3CndMNmVHQXVFMk1mL2ZqUzVQR3pkaXMrQnVUS2lnRVk5eGx0ZU5mMVNsQktyWHdJREFRQUJveU13SVRBT0JnTlYKSFE4QkFmOEVCQU1DQWdRd0R3WURWUjBUQVFIL0JBVXdBd0VCL3pBTkJna3Foa2lHOXcwQkFRc0ZBQU9DQVFFQQoxek16TFNvTk5mdFhZTllPaGE5Qk5MQVI1NjU4VmYwS0FJL0gycGkwVHBFQ1RKcHdZZUl6bjllSkgwL2hoWEwrCkEveFNIYzR3dGZJZm9pMjFPMXhxYmdaMCtpamtwMC9oV2pJN1dJTnJ2WFlmVE5kWWJJdHRMR3YyWFI2clc2Yk4KcUtkdUpEb0JOS3NlTEROR1k0ZUR1bmJBS2NrbllwdGxiR0ZhS2V3eGswVmhKUDlaMWZFVnVyVFFZdjhyemRySQp6SUpBRWwrazhuZlQ3OW5SQVBQRlVzNVRDd3F2VlZIMzNqQ0o5YmlGVmJkRC9MaVlzMEhtd2hnQm01S0xaMmxJCmdpUDlLbThDeklsRCtsQ0NSZTY4WjVhUUhsQUlmMW1STk5Zdk90TWpIWlo2QlVSQVc1Y2RKMjFvMVlud2IrUXIKNkZ1V3hqNEhEc2dvUWZDOThVN25VZz09Ci0tLS0tRU5EIENFUlRJRklDQVRFLS0tLS0K",
                            "master_auth.0.password": "UK2yLZlMUUE0uG4n",
                            "master_auth.0.username": "admin",
                            "master_authorized_networks_config.#": "0",
                            "master_ipv4_cidr_block": "",
                            "master_version": "1.10.9-gke.5",
                            "monitoring_service": "monitoring.googleapis.com",
                            "name": "banapp-staging",
                            "network": "projects/banapp/global/networks/default",
                            "network_policy.#": "1",
                            "network_policy.0.enabled": "false",
                            "network_policy.0.provider": "PROVIDER_UNSPECIFIED",
                            "node_config.#": "1",
                            "node_config.0.disk_size_gb": "100",
                            "node_config.0.disk_type": "pd-standard",
                            "node_config.0.guest_accelerator.#": "0",
                            "node_config.0.image_type": "COS",
                            "node_config.0.labels.%": "0",
                            "node_config.0.local_ssd_count": "0",
                            "node_config.0.machine_type": "n1-standard-1",
                            "node_config.0.metadata.%": "0",
                            "node_config.0.min_cpu_platform": "",
                            "node_config.0.oauth_scopes.#": "6",
                            "node_config.0.oauth_scopes.1277378754": "https://www.googleapis.com/auth/monitoring",
                            "node_config.0.oauth_scopes.1632638332": "https://www.googleapis.com/auth/devstorage.read_only",
                            "node_config.0.oauth_scopes.172152165": "https://www.googleapis.com/auth/logging.write",
                            "node_config.0.oauth_scopes.1733087937": "https://www.googleapis.com/auth/cloud-platform",
                            "node_config.0.oauth_scopes.299962681": "https://www.googleapis.com/auth/compute",
                            "node_config.0.oauth_scopes.3859019814": "https://www.googleapis.com/auth/trace.append",
                            "node_config.0.preemptible": "false",
                            "node_config.0.service_account": "default",
                            "node_config.0.tags.#": "0",
                            "node_config.0.taint.#": "0",
                            "node_config.0.workload_metadata_config.#": "0",
                            "node_pool.#": "1",
                            "node_pool.0.autoscaling.#": "0",
                            "node_pool.0.initial_node_count": "3",
                            "node_pool.0.instance_group_urls.#": "1",
                            "node_pool.0.instance_group_urls.0": "https://www.googleapis.com/compute/v1/projects/banapp/zones/europe-west2-a/instanceGroupManagers/gke-banapp-staging-default-pool-3b71797c-grp",
                            "node_pool.0.management.#": "1",
                            "node_pool.0.management.0.auto_repair": "false",
                            "node_pool.0.management.0.auto_upgrade": "false",
                            "node_pool.0.max_pods_per_node": "0",
                            "node_pool.0.name": "default-pool",
                            "node_pool.0.name_prefix": "",
                            "node_pool.0.node_config.#": "1",
                            "node_pool.0.node_config.0.disk_size_gb": "100",
                            "node_pool.0.node_config.0.disk_type": "pd-standard",
                            "node_pool.0.node_config.0.guest_accelerator.#": "0",
                            "node_pool.0.node_config.0.image_type": "COS",
                            "node_pool.0.node_config.0.labels.%": "0",
                            "node_pool.0.node_config.0.local_ssd_count": "0",
                            "node_pool.0.node_config.0.machine_type": "n1-standard-1",
                            "node_pool.0.node_config.0.metadata.%": "0",
                            "node_pool.0.node_config.0.min_cpu_platform": "",
                            "node_pool.0.node_config.0.oauth_scopes.#": "6",
                            "node_pool.0.node_config.0.oauth_scopes.1277378754": "https://www.googleapis.com/auth/monitoring",
                            "node_pool.0.node_config.0.oauth_scopes.1632638332": "https://www.googleapis.com/auth/devstorage.read_only",
                            "node_pool.0.node_config.0.oauth_scopes.172152165": "https://www.googleapis.com/auth/logging.write",
                            "node_pool.0.node_config.0.oauth_scopes.1733087937": "https://www.googleapis.com/auth/cloud-platform",
                            "node_pool.0.node_config.0.oauth_scopes.299962681": "https://www.googleapis.com/auth/compute",
                            "node_pool.0.node_config.0.oauth_scopes.3859019814": "https://www.googleapis.com/auth/trace.append",
                            "node_pool.0.node_config.0.preemptible": "false",
                            "node_pool.0.node_config.0.service_account": "default",
                            "node_pool.0.node_config.0.tags.#": "0",
                            "node_pool.0.node_config.0.taint.#": "0",
                            "node_pool.0.node_config.0.workload_metadata_config.#": "0",
                            "node_pool.0.node_count": "3",
                            "node_pool.0.version": "1.10.9-gke.5",
                            "node_version": "1.10.9-gke.5",
                            "pod_security_policy_config.#": "0",
                            "private_cluster": "false",
                            "private_cluster_config.#": "0",
                            "project": "banapp",
                            "resource_labels.%": "0",
                            "subnetwork": "projects/banapp/regions/europe-west2/subnetworks/default",
                            "zone": "europe-west2-a"
                        },
                        "meta": {
                            "e2bfb730-ecaa-11e6-8f88-34363bc7c4c0": {
                                "create": 1800000000000,
                                "delete": 1800000000000,
                                "update": 600000000000
                            },
                            "schema_version": "1"
                        },
                        "tainted": false
                    },
                    "deposed": [],
                    "provider": "provider.google"
                }
            },
            "depends_on": []
        }
    ]
}
