{
    "version": 3,
    "terraform_version": "0.11.11",
    "serial": 5,
    "lineage": "0f1be2df-c570-0ba5-37ce-6331f90ba3e6",
    "modules": [
        {
            "path": [
                "root"
            ],
            "outputs": {
                "gcr_location": {
                    "sensitive": false,
                    "type": "string",
                    "value": "gcr.io/bananapp"
                },
                "get-credentials-cmd": {
                    "sensitive": false,
                    "type": "string",
                    "value": "gcloud container clusters get-credentials bananapp-staging --zone europe-west2-a"
                }
            },
            "resources": {
                "data.google_container_registry_repository.bananapp": {
                    "type": "google_container_registry_repository",
                    "depends_on": [],
                    "primary": {
                        "id": "gcr.io/bananapp",
                        "attributes": {
                            "id": "gcr.io/bananapp",
                            "project": "bananapp",
                            "repository_url": "gcr.io/bananapp"
                        },
                        "meta": {},
                        "tainted": false
                    },
                    "deposed": [],
                    "provider": "provider.google"
                },
                "google_container_cluster.bananapp-staging": {
                    "type": "google_container_cluster",
                    "depends_on": [],
                    "primary": {
                        "id": "bananapp-staging",
                        "attributes": {
                            "additional_zones.#": "0",
                            "addons_config.#": "1",
                            "addons_config.0.horizontal_pod_autoscaling.#": "0",
                            "addons_config.0.http_load_balancing.#": "0",
                            "addons_config.0.kubernetes_dashboard.#": "1",
                            "addons_config.0.kubernetes_dashboard.0.disabled": "true",
                            "addons_config.0.network_policy_config.#": "1",
                            "addons_config.0.network_policy_config.0.disabled": "true",
                            "cluster_autoscaling.#": "0",
                            "cluster_ipv4_cidr": "10.36.0.0/14",
                            "description": "",
                            "enable_binary_authorization": "false",
                            "enable_kubernetes_alpha": "false",
                            "enable_legacy_abac": "false",
                            "enable_tpu": "false",
                            "endpoint": "35.189.110.194",
                            "id": "bananapp-staging",
                            "initial_node_count": "3",
                            "instance_group_urls.#": "1",
                            "instance_group_urls.0": "https://www.googleapis.com/compute/v1/projects/bananapp/zones/europe-west2-a/instanceGroups/gke-bananapp-staging-default-pool-f70a2d0d-grp",
                            "ip_allocation_policy.#": "0",
                            "logging_service": "logging.googleapis.com",
                            "maintenance_policy.#": "0",
                            "master_auth.#": "1",
                            "master_auth.0.client_certificate": "LS0tLS1CRUdJTiBDRVJUSUZJQ0FURS0tLS0tCk1JSUMyakNDQWNLZ0F3SUJBZ0lRQVlTYmpyaEcxNklZL3BRSms3bG1DVEFOQmdrcWhraUc5dzBCQVFzRkFEQXYKTVMwd0t3WURWUVFERXlRek5UY3haV0ZtWmkwelpqQTNMVFEzTm1ZdFlUZzFNQzFtTWpJNU5tUmlPR000WVRndwpIaGNOTVRrd01UQTFNVFl4TnpJNFdoY05NalF3TVRBME1UWXhOekk0V2pBUk1ROHdEUVlEVlFRREV3WmpiR2xsCmJuUXdnZ0VpTUEwR0NTcUdTSWIzRFFFQkFRVUFBNElCRHdBd2dnRUtBb0lCQVFDWC9HdzdaeWtZZkt3TVYrZHEKck1xL0dXbXFDWForbTBQK3F4a0ljM1lra3VFZ01leTA2NmFEbStQc3RTV0tmb1VVbXFGTm4zMWVYL2tXN3QrOQpIUzNwMlVIckpzd3VWbW1ENlp0cy9HVURzSTdGK3FjSGtLM0VnVUtJZ2FITVl1ZTJYWE1GVlF4ZmZGZEd4elJJCmZlL1lWM0I4eUFZWkJiRDJsc3Z0cmJsLzZENTJSbGozc1RzaFcwWjU3YjNkS1FwRWxXSllJb3BpL1lPa05pY0oKeWtQaGlMelNkN3k2ck8ycC9KU3lLV2ZaMVl2WmI0RjhuQkptRVFhVlJiSElkUEhJaVdnTDloM29oRUwwM29paQp6Rm10Vm4rNEE0OGdOMklranZVeElQMysvaWp4NHIvcDBCbVE1SmpiSzArSnRCTkRpdmVkVzc4MGxuTVEzOFdaCmZtUkpBZ01CQUFHakVEQU9NQXdHQTFVZEV3RUIvd1FDTUFBd0RRWUpLb1pJaHZjTkFRRUxCUUFEZ2dFQkFHZVEKRmRiYmF0eUpESFh2RXBSYXF0Rm5zVEgzZFBoQm1jbXQ2MC9CRjN1dU1NcklUTXpHMllNbWR2ZENaUGxYOTFmTwpnWk9LL2l1Q21GRWFvQmN6ZjUyenlFZ29JSkhOK3JlaWkrc3VxVXVMSVhYWjdWaVo1UjY0eEJ4RjFyK2R5NEZlCjlWOHBSRkNqeHZQZVU4UTBSS2xPYnpzaEdYMys0b2tPemZtSno5a2FZNlU5WExCWUF3SXNLRGlMSjh2QVVMSGkKRCtYbzBjcG8vNGR6bzR0T0t5SEFpSGsxSFNWaG4vS0xRelk3KzI3TTdUUHoyY0xpVGo5QkR2S0JwRVBlZFFqSQpzTy9lZlJ5blNXQ2lOMVhrTWNKNk93WDAwSTVxWU5Sc1NDWlBmZzd5elZsS0tOSkxJQnpYMisxWW1FUVF5cEZ3ClkwVnZuaHRyMjcyY09FM3FDcVE9Ci0tLS0tRU5EIENFUlRJRklDQVRFLS0tLS0K",
                            "master_auth.0.client_certificate_config.#": "0",
                            "master_auth.0.client_key": "LS0tLS1CRUdJTiBSU0EgUFJJVkFURSBLRVktLS0tLQpNSUlFb3dJQkFBS0NBUUVBbC94c08yY3BHSHlzREZmbmFxekt2eGxwcWdsMmZwdEQvcXNaQ0hOMkpKTGhJREhzCnRPdW1nNXZqN0xVbGluNkZGSnFoVFo5OVhsLzVGdTdmdlIwdDZkbEI2eWJNTGxacGcrbWJiUHhsQTdDT3hmcW4KQjVDdHhJRkNpSUdoekdMbnRsMXpCVlVNWDN4WFJzYzBTSDN2MkZkd2ZNZ0dHUVd3OXBiTDdhMjVmK2crZGtaWQo5N0U3SVZ0R2VlMjkzU2tLUkpWaVdDS0tZdjJEcERZbkNjcEQ0WWk4MG5lOHVxenRxZnlVc2lsbjJkV0wyVytCCmZKd1NaaEVHbFVXeHlIVHh5SWxvQy9ZZDZJUkM5TjZJb3N4WnJWWi91QU9QSURkaUpJNzFNU0Q5L3Y0bzhlSy8KNmRBWmtPU1kyeXRQaWJRVFE0cjNuVnUvTkpaekVOL0ZtWDVrU1FJREFRQUJBb0lCQUExYjFORGRLV0hnbTJnSgpBSlhYYURQOGNpck5qWFVRQlVoSXdQamEyb011Y2N2WVROdVRiRE1ITEYvQzJ2RGRzVlFmOUpZK1hYdVh2ZXpECnhEWDZ4RUt0K09XZFViY0U4TE5LZ05jY2ZCaDRsL2xUZXdPUmk0OGVaQkJjTEllQUdLa1JINm4rcHJRWExyMzgKTVFrL2RkUmR6Y3o1OFNkRDRTRUdITU0xcGlkVmRMOU80RUFXOFdiMUh0ZzN6OW9NWUh0ckR4c0hwQTI5UE8ybgpaR1FQSk0yaEQ3T1JvOWs2YlBnMUhPb1NUNDhVTm9YeXhjSXdITDRTRVBmRXZLbjlZemhQQXl4MnZZQmx1dHBlCnp3TzJRa2p4R3p6cm5NNkpiSHZ6aWk4dEd2Q0I3MDN0akR0My9PMFFOMlg4K0g4NTdoTGcrUHVvZUowTHp6MFMKRXBKMit1MENnWUVBem01bVdNVUJ5cEtJdHdaSlNKZ25TOXkrOEVHWk1KNHMrVnpRRTcvSGtRS2hoQ3RpOHlMQQpuaFB1TEJhN05uNlZQTGYxQ1BqbFVpTUVFRUNKOXVkR3NhMmI4SVM3ODlFNVYySGNBWG44VVdhN1c0alFFMHpECjNDQlliVkxPRDYzR0JORE9rYVJMUTc3d1RLWlovcDI1MHErandPcjFNUlJ3SmlNSzI2U1JoN3NDZ1lFQXZIczAKSG9ZUWdpMFdIdXkzbzVsWTZrZGl5TjAvVmg5Yi82dGt2WGR6YU0rZkNITWRETWZWaEtxQ3ZMbzMrYTdmRHU5SwpWcU1CdG5ZMk05eFdyZmxYQmg4K01rUkIweVJKL1prd0FTaXF5a2tJYmtTTi9vbW5Gd2RIUjMvbTE5ak5YdGZRCnlQRi94K3dmelBJQlRudkppNkk5dENTZ0sxNFkvQ09Yc0ZuYm1jc0NnWUVBbnBkb1g3aHl5TnRNMXplb0kzSnAKZGpuUUl5cHljMHlDQnMyTU9pL3pOTy9OZ0lvSWlmeGYrTkljLzVnekdnbWp3N01jT0ZsbmJIUGtVa3dTOGpINgpPTlRFNGNKSDEyZ2M0b29YQ0xkYjVubkRaTzQxMVMzN3B1amVwcGFnSXFHQmFQKzJRMlB5UXNpMU9sM3U4OUxmCkNRTFJEb3d6OVJIYm15RCszWUdRSUxNQ2dZQXVmaDJmSWViVWxaYU5Ua3NHT2Y5cTJ1ME5LelpDWWozcFZUZm0KWEo3RlRlR216ZTV1aHFTdXN2akk0UTZKc284bk9mT1daMk0yeFBZZDJNNHczLzZOYmd1RGpyN0YvSCtiNUx1bwpyWVZqbkp4Tnh1OVh5RkRGSjNCM3ZKOE93MVgxZlRydE5sVVUxYlFLYysvS2tsSm05VUJQUFhHZEFQc2N4eExWCjEzU0ovUUtCZ0N6cWEvdlhNek5TMXYwaHZJSVA0dmRtWVM5RVh2SkNWUE45K2lQQ2UxUEdLUWZzTk0xbkFtS28KYkNXNlowdnFldUE0ak5CMlFTWC9ySWJ4NlYvdkZrMWIzRi8yVjlEQXRjQlI1S21BcUN3aS8wLzZHOFhicitJSApTdEhvRklNN1l4Q0QvZmx3aytYeGdNa0syZTVxUlVabVJMVldNM240QldmT0hlVjJ4SEd4Ci0tLS0tRU5EIFJTQSBQUklWQVRFIEtFWS0tLS0tCg==",
                            "master_auth.0.cluster_ca_certificate": "LS0tLS1CRUdJTiBDRVJUSUZJQ0FURS0tLS0tCk1JSURERENDQWZTZ0F3SUJBZ0lSQUpnM1JJMmFLNndWOGhjQ3gwbzNrRXN3RFFZSktvWklodmNOQVFFTEJRQXcKTHpFdE1Dc0dBMVVFQXhNa016VTNNV1ZoWm1ZdE0yWXdOeTAwTnpabUxXRTROVEF0WmpJeU9UWmtZamhqT0dFNApNQjRYRFRFNU1ERXdOVEUxTVRjeU4xb1hEVEkwTURFd05ERTJNVGN5TjFvd0x6RXRNQ3NHQTFVRUF4TWtNelUzCk1XVmhabVl0TTJZd055MDBOelptTFdFNE5UQXRaakl5T1Raa1lqaGpPR0U0TUlJQklqQU5CZ2txaGtpRzl3MEIKQVFFRkFBT0NBUThBTUlJQkNnS0NBUUVBd2RaSnY1emlOa1JaMEhyZ09HUVlpL0I3VTJNN1Jja3o1eXBJZkJ3SQp6b1M4NGtWa3hyNDk2ajFBcmdBZW96UklFYlk5TmZ0K2UvL0l3YWdESXNJdERYTU1mYUMwMlRhTXI5WGEvekxPCko1OUdFaVBvb2lXS3NHUVN5a2hCQzVheW5sVHdpenNGRW55d3ovSXZLYkoyWTZKczJYWUpUQSt1WllCTHdzanEKNFBaVDg1Z3FxMDN0S0p6MHg3cEpyQkhHTUd1SGtEVlUwRm5VMUx2aVdtcXduMStjYXNycG1Hb0FBOW1TUlhveQpaZnQxZnp5RUdFanVGZ1Q4Z3Nlc21tNHc2S0VLWUcvVy81ektVUWdNeWxiU0tuZkVQWHNZU0hPOVpnTDBzTTBvClZ5U3JJK3hPdzVBdm44Vi9VcTNVSEd0eEFqdklVWUV4MlJJYnZtYSt4MkNSQlFJREFRQUJveU13SVRBT0JnTlYKSFE4QkFmOEVCQU1DQWdRd0R3WURWUjBUQVFIL0JBVXdBd0VCL3pBTkJna3Foa2lHOXcwQkFRc0ZBQU9DQVFFQQppQjFMMkkyY0JkdlFJSWxEbVdCN0xaRVd1N3ExT0Njc2k2QWMrUkh6R2V1U3lZSXdiWEFES3lkR2tVcGgrcGM3CmYzREFvc1FvZTRsdGxYdmlpaEgwS2xaRlJLai9FaERjWHBjNW13M2trNzFvclNDV1U4MjJoMFplYXJIU1dySWEKak5lMU1LSkY1elFPcVg2Lzh1ZVk1MWZwSUtJQnZTZGt0ODdwNmRLZ2ZDcXNLVk9tV1lQV1RtRmhncHZ1WmlXQQozTThWSUUrd3NIc1dXRytjQ1h1QnFEZFVzd2dYcTFJaFNTZU9LUGdMcEU4MWpWV3JLanhUS294TDJOano4UEpSCmFBNUVxUkkvT3BTdXdJd2dTNTBqUmpkNVZIdmkvR3lkMFRmTnM2cHlaUis3dUV6aVBkYUFvL2R5eEpjSklhME0KMUM1MXc3OWYxYXNVeTA1d08vYTJ2Zz09Ci0tLS0tRU5EIENFUlRJRklDQVRFLS0tLS0K",
                            "master_auth.0.password": "kzmLpJUkkp11M8bJ",
                            "master_auth.0.username": "admin",
                            "master_authorized_networks_config.#": "0",
                            "master_ipv4_cidr_block": "",
                            "master_version": "1.10.9-gke.5",
                            "monitoring_service": "monitoring.googleapis.com",
                            "name": "bananapp-staging",
                            "network": "projects/bananapp/global/networks/default",
                            "network_policy.#": "1",
                            "network_policy.0.enabled": "false",
                            "network_policy.0.provider": "PROVIDER_UNSPECIFIED",
                            "node_config.#": "1",
                            "node_config.0.disk_size_gb": "100",
                            "node_config.0.disk_type": "pd-standard",
                            "node_config.0.guest_accelerator.#": "0",
                            "node_config.0.image_type": "COS",
                            "node_config.0.labels.%": "0",
                            "node_config.0.local_ssd_count": "0",
                            "node_config.0.machine_type": "n1-standard-1",
                            "node_config.0.metadata.%": "0",
                            "node_config.0.min_cpu_platform": "",
                            "node_config.0.oauth_scopes.#": "2",
                            "node_config.0.oauth_scopes.1277378754": "https://www.googleapis.com/auth/monitoring",
                            "node_config.0.oauth_scopes.172152165": "https://www.googleapis.com/auth/logging.write",
                            "node_config.0.preemptible": "false",
                            "node_config.0.service_account": "default",
                            "node_config.0.tags.#": "0",
                            "node_config.0.taint.#": "0",
                            "node_config.0.workload_metadata_config.#": "0",
                            "node_pool.#": "1",
                            "node_pool.0.autoscaling.#": "0",
                            "node_pool.0.initial_node_count": "3",
                            "node_pool.0.instance_group_urls.#": "1",
                            "node_pool.0.instance_group_urls.0": "https://www.googleapis.com/compute/v1/projects/bananapp/zones/europe-west2-a/instanceGroupManagers/gke-bananapp-staging-default-pool-f70a2d0d-grp",
                            "node_pool.0.management.#": "1",
                            "node_pool.0.management.0.auto_repair": "false",
                            "node_pool.0.management.0.auto_upgrade": "false",
                            "node_pool.0.max_pods_per_node": "0",
                            "node_pool.0.name": "default-pool",
                            "node_pool.0.name_prefix": "",
                            "node_pool.0.node_config.#": "1",
                            "node_pool.0.node_config.0.disk_size_gb": "100",
                            "node_pool.0.node_config.0.disk_type": "pd-standard",
                            "node_pool.0.node_config.0.guest_accelerator.#": "0",
                            "node_pool.0.node_config.0.image_type": "COS",
                            "node_pool.0.node_config.0.labels.%": "0",
                            "node_pool.0.node_config.0.local_ssd_count": "0",
                            "node_pool.0.node_config.0.machine_type": "n1-standard-1",
                            "node_pool.0.node_config.0.metadata.%": "0",
                            "node_pool.0.node_config.0.min_cpu_platform": "",
                            "node_pool.0.node_config.0.oauth_scopes.#": "2",
                            "node_pool.0.node_config.0.oauth_scopes.1277378754": "https://www.googleapis.com/auth/monitoring",
                            "node_pool.0.node_config.0.oauth_scopes.172152165": "https://www.googleapis.com/auth/logging.write",
                            "node_pool.0.node_config.0.preemptible": "false",
                            "node_pool.0.node_config.0.service_account": "default",
                            "node_pool.0.node_config.0.tags.#": "0",
                            "node_pool.0.node_config.0.taint.#": "0",
                            "node_pool.0.node_config.0.workload_metadata_config.#": "0",
                            "node_pool.0.node_count": "3",
                            "node_pool.0.version": "1.10.9-gke.5",
                            "node_version": "1.10.9-gke.5",
                            "pod_security_policy_config.#": "0",
                            "private_cluster": "false",
                            "private_cluster_config.#": "0",
                            "project": "bananapp",
                            "resource_labels.%": "0",
                            "subnetwork": "projects/bananapp/regions/europe-west2/subnetworks/default",
                            "zone": "europe-west2-a"
                        },
                        "meta": {
                            "e2bfb730-ecaa-11e6-8f88-34363bc7c4c0": {
                                "create": 1800000000000,
                                "delete": 1800000000000,
                                "update": 600000000000
                            },
                            "schema_version": "1"
                        },
                        "tainted": false
                    },
                    "deposed": [],
                    "provider": "provider.google"
                }
            },
            "depends_on": []
        }
    ]
}
