{
    "version": 3,
    "terraform_version": "0.11.11",
    "serial": 6,
    "lineage": "0f1be2df-c570-0ba5-37ce-6331f90ba3e6",
    "modules": [
        {
            "path": [
                "root"
            ],
            "outputs": {
                "gcr_location": {
                    "sensitive": false,
                    "type": "string",
                    "value": "gcr.io/bananapp"
                },
                "get-credentials-cmd": {
                    "sensitive": false,
                    "type": "string",
                    "value": "gcloud container clusters get-credentials bananapp-staging --zone europe-west2-a"
                }
            },
            "resources": {
                "data.google_container_registry_repository.bananapp": {
                    "type": "google_container_registry_repository",
                    "depends_on": [],
                    "primary": {
                        "id": "gcr.io/bananapp",
                        "attributes": {
                            "id": "gcr.io/bananapp",
                            "project": "bananapp",
                            "repository_url": "gcr.io/bananapp"
                        },
                        "meta": {},
                        "tainted": false
                    },
                    "deposed": [],
                    "provider": "provider.google"
                },
                "google_container_cluster.bananapp-staging": {
                    "type": "google_container_cluster",
                    "depends_on": [],
                    "primary": {
                        "id": "bananapp-staging",
                        "attributes": {
                            "additional_zones.#": "0",
                            "addons_config.#": "1",
                            "addons_config.0.horizontal_pod_autoscaling.#": "0",
                            "addons_config.0.http_load_balancing.#": "0",
                            "addons_config.0.kubernetes_dashboard.#": "1",
                            "addons_config.0.kubernetes_dashboard.0.disabled": "true",
                            "addons_config.0.network_policy_config.#": "1",
                            "addons_config.0.network_policy_config.0.disabled": "true",
                            "cluster_autoscaling.#": "0",
                            "cluster_ipv4_cidr": "10.28.0.0/14",
                            "description": "",
                            "enable_binary_authorization": "false",
                            "enable_kubernetes_alpha": "false",
                            "enable_legacy_abac": "false",
                            "enable_tpu": "false",
                            "endpoint": "35.189.78.36",
                            "id": "bananapp-staging",
                            "initial_node_count": "3",
                            "instance_group_urls.#": "1",
                            "instance_group_urls.0": "https://www.googleapis.com/compute/v1/projects/bananapp/zones/europe-west2-a/instanceGroups/gke-bananapp-staging-default-pool-58398a4e-grp",
                            "ip_allocation_policy.#": "0",
                            "logging_service": "logging.googleapis.com",
                            "maintenance_policy.#": "0",
                            "master_auth.#": "1",
                            "master_auth.0.client_certificate": "LS0tLS1CRUdJTiBDRVJUSUZJQ0FURS0tLS0tCk1JSUMyakNDQWNLZ0F3SUJBZ0lRZmZjbitPc2NQQ0k2cC90MnVjK1ZSVEFOQmdrcWhraUc5dzBCQVFzRkFEQXYKTVMwd0t3WURWUVFERXlSaFltUmpNVEV5TmkxalpUWTFMVFF3TnpndFlqbG1aQzFtWldSaE1ETTFNVGd6TVRJdwpIaGNOTVRrd01UQTJNVFF4TWpVMVdoY05NalF3TVRBMU1UUXhNalUxV2pBUk1ROHdEUVlEVlFRREV3WmpiR2xsCmJuUXdnZ0VpTUEwR0NTcUdTSWIzRFFFQkFRVUFBNElCRHdBd2dnRUtBb0lCQVFDaGkyWkNWTmczeFdvNitpZ2UKVkE1Snl4NEYvSkkyZURnVDh5eGJiZWVIcmFMbmE5NWJvcitCOHNDaEJ2VWVzMkU4UWRLLzZnL1ZqWGIrWFd1cAo2bVVUV2V2Q045ZlFRM2tOemRIWUhYeWE0bTJkRi9XdDk5WGNxeFdERllrUXB3ZEFqSFR0RVIzUUdmTDc0dVRICnZRdGxiOWsrOWZtRkZPd3ZmNTdlL0o2NzRFSWprejdCUmpITFpsVmh1aGpiclJtbXRaQnU3T1d1NW1yM3cxQ2UKQXhWMzZmOXdzZCtWeHpCWVRhSE0weTl3NjhrVE1wRmdqNWd5Tk1UeDNPSU9iS2l1MlhnNzlKSEI5bUlNWDRhSgpwSklBbldmbnJ6VmdzYnFhNjQyd2xoa0RGZE5sQkc2Tjkxem5kYnVZZmhVRktxanFGeXRVd05CbVJ5SVgydUpBCks2RWJBZ01CQUFHakVEQU9NQXdHQTFVZEV3RUIvd1FDTUFBd0RRWUpLb1pJaHZjTkFRRUxCUUFEZ2dFQkFBMTYKdDhGeEtQWFE5VTlNT2xwZWlTNFlsQXB6bGpDVE02NmhsZE5sSytiMUJDdVE4ZVUwR29tbjg5VnM4SGcwUGY2cwpFQjl3azJ0VGN2SS9RbTBQZFg0NG41amdRQTNJOVk4MWQ0WjhLQXo3enU1V3doUmw1akl5ditpVFRXSDVJcmtFCkRwZzlVOUxJaXBIanVOdXNqMlRFQXFwT2I2LzZ4bkR5cWZEZU5mVjF1eUZJdGJraElSOWhvSk9NaXNyUkF0OWwKWmJNQmxkMmxpWG1Rd0liSHBmbEl6aEFrZnBRcWZ3RzdWTUpORWEvRDIzaTNaM0MvbTgvTGRBTnVIeFhxc0cyMAo4NVRUTjBleU4wZFRibTFWbFRpZFhnZDI3S2tYN3N5TnpPUWtoa1lQcUFIS29FQzFkZ2NFcGt0ZUJqeHMxZFk1CjFPNnZmVnlRS3Bwdk1aTWxXcVU9Ci0tLS0tRU5EIENFUlRJRklDQVRFLS0tLS0K",
                            "master_auth.0.client_certificate_config.#": "0",
                            "master_auth.0.client_key": "LS0tLS1CRUdJTiBSU0EgUFJJVkFURSBLRVktLS0tLQpNSUlFb3dJQkFBS0NBUUVBb1l0bVFsVFlOOFZxT3Zvb0hsUU9TY3NlQmZ5U05uZzRFL01zVzIzbmg2Mmk1MnZlClc2Sy9nZkxBb1FiMUhyTmhQRUhTditvUDFZMTIvbDFycWVwbEUxbnJ3amZYMEVONURjM1IyQjE4bXVKdG5SZjEKcmZmVjNLc1ZneFdKRUtjSFFJeDA3UkVkMEJueSsrTGt4NzBMWlcvWlB2WDVoUlRzTDMrZTN2eWV1K0JDSTVNKwp3VVl4eTJaVllib1kyNjBacHJXUWJ1emxydVpxOThOUW5nTVZkK24vY0xIZmxjY3dXRTJoek5NdmNPdkpFektSCllJK1lNalRFOGR6aURteW9ydGw0Ty9TUndmWmlERitHaWFTU0FKMW41NjgxWUxHNm11dU5zSllaQXhYVFpRUnUKamZkYzUzVzdtSDRWQlNxbzZoY3JWTURRWmtjaUY5cmlRQ3VoR3dJREFRQUJBb0lCQUFSOTJMVHBnMlFncVZSSgpudG5kQmpYQmJvVlB0UGw4OTY5c0tiMDQ1UytlL0pTL0MvQzQydzROa0FsVC9jV2FmQTZyV1dVWm82c2s5bktHCnpJTWZOTFdOT1dKMzdzbTI5eXNjcWhlbHgzZk9PSmF4eVVXdE51YUt3NjlsUDR2TG81QkFLTDRjL2hFWk9YTysKVGlnUHVUTWdBNmtQVEhjZFRXTmo3eDdjbjgrS2xzQytCWnBUQVA2czR1ak5Qc3B0UWZNMm5Qbi9oMUc3aHhBWApIUGljQWJ6VG9kcEplemNUb3lVY3FmcDhneCtHNmgra3ZVVU9NY0xralJLWGpWTEZNV1B1MVh5MkNzYnJkOFBJCjZCZVhhdC9LbEo4NmVZL1FjTDVZNm1tMHBnU1U3b1hjOHh6MlZpQW1UVjlSVHc1Zy93akFkQW52OVVnVDl1NkUKYVVyY3RRVUNnWUVBelQwaGluNk9tODBpUGYzNXBXVGtPSVYrY0dPU2NORHZmOWRaOU1TdGJEak1DcjF3RzFTTAo0eG9YSS9hNHR3RnRSUXBjWktEQmZHNUxBeE1RNWVQK29DL1BPQ3hGYitJdmNDekZ3djZYVWpZTDRqd05pTi9CCmpYR3dSYmpyOHpyTm1pb2JBSDA4aDl2NmprSlozcmxMaHVUblMvVDNpcHYybE9lWjh6ejlyMWNDZ1lFQXlYKzYKbU5mck9ha2Z3ZUxEK003a1o5L3BOU0VWMmsxVEQySXQ3d04xTGU0dy9ueUc0eS9aQ24zTStJUmgrRTJUcGkvagorS0oydy93TExWenE5WEo2TTJvZEF2RVY2R3luZ00ySGE0OE42eXV5V3QvelUveVlvSEppQjlmN0c5V3JEZkI2ClFHYjRod2F5ekJzY00wVmxkQ0ppT1hXOFM0Ky83b28yQTFGcjlkMENnWUJQeWNJdVcwRUpwTmY1RGJGdDhTa2cKS0JXZGo3Z3dqNmxzSThaZTk4OEwwWkRSWkJBZkwrRXFLc3h3T014YXFQMVg1ODAvZVpkK3prbnZLZ3hac3ljYwpFem9WOW5BUUxQaVFQWGVzZE5sVEpwdThHZWlSRzV2ZFp5TkdGN3Z5MVJ0MUlZVlp6VllvNHdZbkkvaFlNK1QrCnppSjFUd2lsSkRqYWJxZFUvcE1KQlFLQmdRQ1N2L1cwTHp6Zlo2NzdWQjRKN1JRb0dza0xxcWJ4c0hNWHR4ZGgKQlpHbis5dXUzQjZaQTFYODhCWUJ3TmhoTUk2aDhDc0YvN3lqaThMUUxPWHFFSSt6TmtzZXcxcURSZTdRUGQrcwpsQ2s4NXp3a053cE9WcDhKNjRROTFpekozdG1QYzE1MTNRaVB2bThsZTNFVVhpdy9Zbk5MQ2RZeTZlU001QmZtClhyeFQrUUtCZ0YyMm5OWUpKUVhMTC8vK3NKWVVHNnpyaXJQNWdpOHMrSFhzMW1pUDUxMGozMENZVGFKNXBVV2EKWlBONEVSQ3VYd20xZ1VmeUJ0SUxwV0NRTFBiOUl1LzJLenZVTFdqOVFJZDBqenlwbVJVeEtJc0p6dmJYWHlyVApQbkJueFBYV2pRMy92UkMxU2FxQmVBSFBJQktENGV1UTEwellEMjhEOVpDdXNxYWZ4TXUyCi0tLS0tRU5EIFJTQSBQUklWQVRFIEtFWS0tLS0tCg==",
                            "master_auth.0.cluster_ca_certificate": "LS0tLS1CRUdJTiBDRVJUSUZJQ0FURS0tLS0tCk1JSURDekNDQWZPZ0F3SUJBZ0lRYkZFR3p1RTU1ZWxlVDFYRTJxQ3FqakFOQmdrcWhraUc5dzBCQVFzRkFEQXYKTVMwd0t3WURWUVFERXlSaFltUmpNVEV5TmkxalpUWTFMVFF3TnpndFlqbG1aQzFtWldSaE1ETTFNVGd6TVRJdwpIaGNOTVRrd01UQTJNVE14TWpVMVdoY05NalF3TVRBMU1UUXhNalUxV2pBdk1TMHdLd1lEVlFRREV5UmhZbVJqCk1URXlOaTFqWlRZMUxUUXdOemd0WWpsbVpDMW1aV1JoTURNMU1UZ3pNVEl3Z2dFaU1BMEdDU3FHU0liM0RRRUIKQVFVQUE0SUJEd0F3Z2dFS0FvSUJBUURmTEVjS2Z3RHkyN0VTdkRnVzA4NDhWdDgyeFdibTZqNHI0ZHFCYnFQMgpmOVJBbmRTdnZwandFZGVpWVAyOWptS1RvL0o1ek1ueDhVdkZiOU9TYVpIdk1vWVlvT3hDVW54Sjl5Nng2UktpCktRRWR2NGN4S3NSNCt4bXRvL2lTZXBwQ2pNSE1qT1RzWlBZK2FKcTJrTm5nOXZYSjNSbzhWN3JiVHVWR3Jxa0YKMFNleWNDQ2tvaHU3Qm5ieWVDQ2RrWHNhSUZoaXJFaVUrMWFudWF2bFcvcXNGSTVBbEY4czRWMTVSbHRVT2U2UQpOVEZvcHk2TkdMR1JqcEtmOXhRTTg4WW9abjJGUkxUZS85bjJFblpJQU9TcmRKeG90bENjTzJVRmpKOHpaVkxSCllTemtaeUJVRENoOHdRSm85R3NxcTc4UTVObzMxL3NLUGpRM3RjRXlwN090QWdNQkFBR2pJekFoTUE0R0ExVWQKRHdFQi93UUVBd0lDQkRBUEJnTlZIUk1CQWY4RUJUQURBUUgvTUEwR0NTcUdTSWIzRFFFQkN3VUFBNElCQVFDVgpQYU5HdkRiVWFobGhEc0M4bEZMd09vVnRTOStNeHBMVlVKTDIvWElRMExiclNGWW1rN2FBRUJYL2pmeW1VbTc4CmZPc3pHZHlEdElMTWRvaCtheS9Ec0lNbE54RWpCODIzVkZ0WkN4YUtFWTlrTFN6NGRhbzRPbjgvM3BLN2liUEUKU2UxdzJwZ0ZMMllSNHEwc2lVUVlEN1EzeU5iSWRXQlY0TUtiYXhDb3M1c2VzWUZFcGZRdFBiMk9ibjFPWnpLSwo3a3g2QmFWRUZncjltS3BVWUpMcU9BODBvQkhUMTVjaUZCODhWZ0tvQnpOSitLU1ExL242Y3Rtc2RoZzZDRnl3Ci9MZHI1dFBLZTVjREViaWNabDVHTk9qeG92blB6U3k4aEV0L3F6b2RzSFY0Q1l2UWd2bER4Zjh5RW4xbXlZNzUKY1dFUnlMQ1UrbWYrZCtlc0tyaysKLS0tLS1FTkQgQ0VSVElGSUNBVEUtLS0tLQo=",
                            "master_auth.0.password": "OvASPdkE8BJbMrF3",
                            "master_auth.0.username": "admin",
                            "master_authorized_networks_config.#": "0",
                            "master_ipv4_cidr_block": "",
                            "master_version": "1.10.9-gke.5",
                            "monitoring_service": "monitoring.googleapis.com",
                            "name": "bananapp-staging",
                            "network": "projects/bananapp/global/networks/default",
                            "network_policy.#": "1",
                            "network_policy.0.enabled": "false",
                            "network_policy.0.provider": "PROVIDER_UNSPECIFIED",
                            "node_config.#": "1",
                            "node_config.0.disk_size_gb": "100",
                            "node_config.0.disk_type": "pd-standard",
                            "node_config.0.guest_accelerator.#": "0",
                            "node_config.0.image_type": "COS",
                            "node_config.0.labels.%": "0",
                            "node_config.0.local_ssd_count": "0",
                            "node_config.0.machine_type": "n1-standard-1",
                            "node_config.0.metadata.%": "0",
                            "node_config.0.min_cpu_platform": "",
                            "node_config.0.oauth_scopes.#": "4",
                            "node_config.0.oauth_scopes.1277378754": "https://www.googleapis.com/auth/monitoring",
                            "node_config.0.oauth_scopes.1632638332": "https://www.googleapis.com/auth/devstorage.read_only",
                            "node_config.0.oauth_scopes.172152165": "https://www.googleapis.com/auth/logging.write",
                            "node_config.0.oauth_scopes.299962681": "https://www.googleapis.com/auth/compute",
                            "node_config.0.preemptible": "false",
                            "node_config.0.service_account": "default",
                            "node_config.0.tags.#": "0",
                            "node_config.0.taint.#": "0",
                            "node_config.0.workload_metadata_config.#": "0",
                            "node_pool.#": "1",
                            "node_pool.0.autoscaling.#": "0",
                            "node_pool.0.initial_node_count": "3",
                            "node_pool.0.instance_group_urls.#": "1",
                            "node_pool.0.instance_group_urls.0": "https://www.googleapis.com/compute/v1/projects/bananapp/zones/europe-west2-a/instanceGroupManagers/gke-bananapp-staging-default-pool-58398a4e-grp",
                            "node_pool.0.management.#": "1",
                            "node_pool.0.management.0.auto_repair": "false",
                            "node_pool.0.management.0.auto_upgrade": "false",
                            "node_pool.0.max_pods_per_node": "0",
                            "node_pool.0.name": "default-pool",
                            "node_pool.0.name_prefix": "",
                            "node_pool.0.node_config.#": "1",
                            "node_pool.0.node_config.0.disk_size_gb": "100",
                            "node_pool.0.node_config.0.disk_type": "pd-standard",
                            "node_pool.0.node_config.0.guest_accelerator.#": "0",
                            "node_pool.0.node_config.0.image_type": "COS",
                            "node_pool.0.node_config.0.labels.%": "0",
                            "node_pool.0.node_config.0.local_ssd_count": "0",
                            "node_pool.0.node_config.0.machine_type": "n1-standard-1",
                            "node_pool.0.node_config.0.metadata.%": "0",
                            "node_pool.0.node_config.0.min_cpu_platform": "",
                            "node_pool.0.node_config.0.oauth_scopes.#": "4",
                            "node_pool.0.node_config.0.oauth_scopes.1277378754": "https://www.googleapis.com/auth/monitoring",
                            "node_pool.0.node_config.0.oauth_scopes.1632638332": "https://www.googleapis.com/auth/devstorage.read_only",
                            "node_pool.0.node_config.0.oauth_scopes.172152165": "https://www.googleapis.com/auth/logging.write",
                            "node_pool.0.node_config.0.oauth_scopes.299962681": "https://www.googleapis.com/auth/compute",
                            "node_pool.0.node_config.0.preemptible": "false",
                            "node_pool.0.node_config.0.service_account": "default",
                            "node_pool.0.node_config.0.tags.#": "0",
                            "node_pool.0.node_config.0.taint.#": "0",
                            "node_pool.0.node_config.0.workload_metadata_config.#": "0",
                            "node_pool.0.node_count": "3",
                            "node_pool.0.version": "1.10.9-gke.5",
                            "node_version": "1.10.9-gke.5",
                            "pod_security_policy_config.#": "0",
                            "private_cluster": "false",
                            "private_cluster_config.#": "0",
                            "project": "bananapp",
                            "resource_labels.%": "0",
                            "subnetwork": "projects/bananapp/regions/europe-west2/subnetworks/default",
                            "zone": "europe-west2-a"
                        },
                        "meta": {
                            "e2bfb730-ecaa-11e6-8f88-34363bc7c4c0": {
                                "create": 1800000000000,
                                "delete": 1800000000000,
                                "update": 600000000000
                            },
                            "schema_version": "1"
                        },
                        "tainted": false
                    },
                    "deposed": [],
                    "provider": "provider.google"
                }
            },
            "depends_on": []
        }
    ]
}
