{
    "version": 3,
    "terraform_version": "0.11.11",
    "serial": 6,
    "lineage": "0f1be2df-c570-0ba5-37ce-6331f90ba3e6",
    "modules": [
        {
            "path": [
                "root"
            ],
            "outputs": {
                "gcr_location": {
                    "sensitive": false,
                    "type": "string",
                    "value": "gcr.io/bananapp"
                },
                "get-credentials-cmd": {
                    "sensitive": false,
                    "type": "string",
                    "value": "gcloud container clusters get-credentials bananapp-staging --zone europe-west2-a"
                }
            },
            "resources": {
                "data.google_container_registry_repository.bananapp": {
                    "type": "google_container_registry_repository",
                    "depends_on": [],
                    "primary": {
                        "id": "gcr.io/bananapp",
                        "attributes": {
                            "id": "gcr.io/bananapp",
                            "project": "bananapp",
                            "repository_url": "gcr.io/bananapp"
                        },
                        "meta": {},
                        "tainted": false
                    },
                    "deposed": [],
                    "provider": "provider.google"
                },
                "google_container_cluster.bananapp-staging": {
                    "type": "google_container_cluster",
                    "depends_on": [],
                    "primary": {
                        "id": "bananapp-staging",
                        "attributes": {
                            "additional_zones.#": "0",
                            "addons_config.#": "1",
                            "addons_config.0.horizontal_pod_autoscaling.#": "0",
                            "addons_config.0.http_load_balancing.#": "0",
                            "addons_config.0.kubernetes_dashboard.#": "1",
                            "addons_config.0.kubernetes_dashboard.0.disabled": "true",
                            "addons_config.0.network_policy_config.#": "1",
                            "addons_config.0.network_policy_config.0.disabled": "true",
                            "cluster_autoscaling.#": "0",
                            "cluster_ipv4_cidr": "10.28.0.0/14",
                            "description": "",
                            "enable_binary_authorization": "false",
                            "enable_kubernetes_alpha": "false",
                            "enable_legacy_abac": "false",
                            "enable_tpu": "false",
                            "endpoint": "35.189.66.188",
                            "id": "bananapp-staging",
                            "initial_node_count": "3",
                            "instance_group_urls.#": "1",
                            "instance_group_urls.0": "https://www.googleapis.com/compute/v1/projects/bananapp/zones/europe-west2-a/instanceGroups/gke-bananapp-staging-default-pool-9d0cd93d-grp",
                            "ip_allocation_policy.#": "0",
                            "logging_service": "logging.googleapis.com",
                            "maintenance_policy.#": "0",
                            "master_auth.#": "1",
                            "master_auth.0.client_certificate": "LS0tLS1CRUdJTiBDRVJUSUZJQ0FURS0tLS0tCk1JSUMyakNDQWNLZ0F3SUJBZ0lRVlBCcGgzVkJMdFJrbUJZcVpKU1NiakFOQmdrcWhraUc5dzBCQVFzRkFEQXYKTVMwd0t3WURWUVFERXlSa09UQTFNbVprTVMweE0yTTVMVFJrTkdZdE9UY3paaTFpTWpSaU5ETTFaR0prTW1RdwpIaGNOTVRrd01UQTJNVE16TVRFeFdoY05NalF3TVRBMU1UTXpNVEV4V2pBUk1ROHdEUVlEVlFRREV3WmpiR2xsCmJuUXdnZ0VpTUEwR0NTcUdTSWIzRFFFQkFRVUFBNElCRHdBd2dnRUtBb0lCQVFDalczd0IyemdPRVNNWGpsTDkKR1NKbUpmWmFpeUNDeDEyL3VqWk10aDg1d2ZvNXpycHc2Y0pwZVhVeCtBRmx2dzFqc0djZW5oUU1ZMlE2TWlxTApTWXA4UVFwNXNFK0NzWTBuc3NkS3RPTWZOeVN4Um1ES1lkNm9tK1RnOHQ3UjBhQXF4aXpqbEhLK0VDVFBDaWtxCmVhSHA2UkRZRGRIRFJxUGk5dktFaEEvUmR2QVRqcy9uek9TaUpJN2RFOWlzZk15a2t4TTQ4MVZKamFFSVdTalQKclFCR01FVXcyR21mQnhQSEUvQjZ2WDJjblo0dTNPdlhZdTRlT0w5ZDN3czNxS3hyVk8ybHRadmZoS0N6R2pLMgp4SHAwMzFtTnI3SUE3OWhBcUlGNDdCdEZOa3JBcFRFeGwvb1p5T2Rpb21PdFRZUnVMOE04WFg1K3p2VkxER1p3ClpWSGpBZ01CQUFHakVEQU9NQXdHQTFVZEV3RUIvd1FDTUFBd0RRWUpLb1pJaHZjTkFRRUxCUUFEZ2dFQkFHbE8KUGh2VWlPRlAwd1VvaytYRnFwdmNYcFhISDgzZGdFZGtHMWNEK2pra2txNUVWbVhpQ25ZUHpmaGJQQzFxRnJXTgpiZlZHeExYTG9NRTJCNnBhMlhNUWdrc01UTC9VOWMvVktFNDZIbDg1M1Y0SW5SVVdhN04yWEU4MU9sbUhhTUJrCkJlZWpUTGdnQWEyV1RJVXAwcjltUmFnRVVWQ1p3cC8xcTY3WGwxWUVNbVVGclp3Q0FnOFZqZVVZZjBzdFBURlkKRE1TWVgwaHFTZTc1elR4anpOSGt1T3p1UUZSOW0vTzRRS1kwUkF3TU03bEZyTW42VVBZVUhOVVcvVVp2NFFSRgpHM2NjbSsvVk5sZmdwTC9RN0JUK0d4VXBrSms1Y29BM1p3SmZmL21GS2FucW1JODgySVByMmJZeXVzSnVEdGNYCllTc1E1eG1PQzI2SmRIUDBhMWM9Ci0tLS0tRU5EIENFUlRJRklDQVRFLS0tLS0K",
                            "master_auth.0.client_certificate_config.#": "0",
                            "master_auth.0.client_key": "LS0tLS1CRUdJTiBSU0EgUFJJVkFURSBLRVktLS0tLQpNSUlFb3dJQkFBS0NBUUVBbzF0OEFkczREaEVqRjQ1Uy9Sa2laaVgyV29zZ2dzZGR2N28yVExZZk9jSDZPYzY2CmNPbkNhWGwxTWZnQlpiOE5ZN0JuSHA0VURHTmtPaklxaTBtS2ZFRUtlYkJQZ3JHTko3TEhTclRqSHpja3NVWmcKeW1IZXFKdms0UExlMGRHZ0tzWXM0NVJ5dmhBa3p3b3BLbm1oNmVrUTJBM1J3MGFqNHZieWhJUVAwWGJ3RTQ3UAo1OHprb2lTTzNSUFlySHpNcEpNVE9QTlZTWTJoQ0ZrbzA2MEFSakJGTU5ocG53Y1R4eFB3ZXIxOW5KMmVMdHpyCjEyTHVIamkvWGQ4TE42aXNhMVR0cGJXYjM0U2dzeG95dHNSNmROOVpqYSt5QU8vWVFLaUJlT3diUlRaS3dLVXgKTVpmNkdjam5ZcUpqclUyRWJpL0RQRjErZnM3MVN3eG1jR1ZSNHdJREFRQUJBb0lCQUFmMmlGcE8wQWRmZzlFUwpKRmw4eFlCLzQrZTdWY3BmalkwRnRyL21pMzhmOERnQks4ckttbFRVa1lkRFg2Tm1FaHV2UXdKQVo4UnkwOS90CkIzQ05hb0xFRTQ2bHJ1VTFZbndjNnVTK3R6NCtUSkR0QXFyYTVTVUlTYnFZSERuVGVNdEhxSE12anFoVks4dUIKT0tCK3dyWEpvVmlSZm8yQS9yR0JvdHR5MUpLUlN4QzF3a2hTdU82NDlhSkdYLzZtYW1HN0hJbW9za0hHVmlNNgpST0dvS3FaakcvdFFOVzdPb0xvVkE2NHV5WVJYVVoyTTlPWW1TSURiL3pBVTM3NnVvT0pTZkpNUDg1L0JCZW8vCnFjZGxJelRHLytqdmIzQmUxS2FjR2JLR3JwUjZNanJkYWZWWkZEYm1kNVNtdW9BbDFTM2JvSmN2T2thY0MvSWsKQWJWR29BRUNnWUVBMGxSb3pvbHNvbUlMWHVTdGZTeDVndFo0L3JvN0Z1c1NENmJsaG5nc1dMcmNST3RiTWtZZwpZSzBIeTBKRWFnNWlTenNmWFdjSloyQkJLVzVDeDRXRENJcUZhTWtSdUwrUkE4dGQ4ZlZZallYbDYvS3V2RnY4CkVvcHA5SDZkNnRVa0tOcTA5dEowWkt1TzlhSnhpemExekdQZE15SjI0NnBFN0ZCek42WVozdU1DZ1lFQXh0UUcKSTdaeFFObzdCMUxsaU5PeFhNL01iNUpqR0ZrWHlDeHNrdDd4eDBsRGtpSlNheU9VcmlGSHV2bHpWTEdqSUk3KwpVbHRkNkhlRU1JaTJ4cDNEWUxRWDFaNkZiMVFsbHQrWWRTOVlSWFlRSVltSW4xUlE5MGQrTko3UTRPZmpjQ0ZmCll5Mi9QUGI4aGdQYUo5VUVSZy9RVmk0QWp0TEFHNEJmTFo1Mk1RRUNnWUVBc3dBUlhrMElmajRRelVheSs0ZkIKTmYrUFk4SmNqWW1yaWxTUW5GdGo2blBGQ0lhQXk0MXcrclhubnkyYmllTUo5bHF2dTg3MzZ0bTVPeWhTZnZsNgpaZWQxMkpMZW1TdTNuOUlROXQzRjZsUGROR3dLRjlYMDlsYUVEQWRDSUZ3YTlRWUU0dGFESmpYM2FjZEErS2lzCkdmR1hqSEExWEZaSmFCQ2pyZVdYdU44Q2dZQXRvMDlCZFVncnJhdnM4Mjh5Wi8wSEk3OTJRTEMwVHdieGNKai8KWVdNMzdpNHZaZWRySmtDamM0b21kY211UUJRRWppMzhNM0tyd0hzOE5MVlhnN0RzQ29xS0F4ZjN4T1hYNnJ6dwo4UXdlN1ltb1dReGVIaGx6bVJwejg1eFljNEcySkVMajNnVk9kaGJpb0JHOElONFpRdG44WGhUTXM3MWEwcTJHCktDQlRBUUtCZ0NzWEY3a0JTRjRKcmNuU3AvQWR6akRtWXV2WDJvMGtQam5SYy9wSTJuMGFhemRISnRaQmVwOWwKVmJIU0JEU1E1MndSQUd2T1F0N1pTaXRLbUx5cUtyMHpLWHAvbkhnTnpXekorQkQxNXJhdzEybnZkK3RTZEg3Ygp6M1c5YVQ2eTFrOGJyY25GSWRkeVBuR1dVQnY5NkVFT0wvZzZLQjZ1SmdWM2NWYzI3eTlPCi0tLS0tRU5EIFJTQSBQUklWQVRFIEtFWS0tLS0tCg==",
                            "master_auth.0.cluster_ca_certificate": "LS0tLS1CRUdJTiBDRVJUSUZJQ0FURS0tLS0tCk1JSURDekNDQWZPZ0F3SUJBZ0lRZGZHNElkVytMdW02V3grUzY3eDk2REFOQmdrcWhraUc5dzBCQVFzRkFEQXYKTVMwd0t3WURWUVFERXlSa09UQTFNbVprTVMweE0yTTVMVFJrTkdZdE9UY3paaTFpTWpSaU5ETTFaR0prTW1RdwpIaGNOTVRrd01UQTJNVEl6TVRFd1doY05NalF3TVRBMU1UTXpNVEV3V2pBdk1TMHdLd1lEVlFRREV5UmtPVEExCk1tWmtNUzB4TTJNNUxUUmtOR1l0T1RjelppMWlNalJpTkRNMVpHSmtNbVF3Z2dFaU1BMEdDU3FHU0liM0RRRUIKQVFVQUE0SUJEd0F3Z2dFS0FvSUJBUUMyODAvOGhwazNsWHIzN2cxd1V6SCtWb2Y1WXdsTDVjelc1VG1LOEtjVwppTGErTi92UkVHREplNW1Pc0dwdmtMNkJ3anNNSFB2b0FvL1JvZmV4Z1lVSHN1QnREN1d6SW8xVzJDK0dBYmt0CnJWMGFXdkFqV3RuSWFmcmUyamE1d0IzUzNUTDVYdUpWbWswVVdZcFplaitxeGtYcWFVLytsZEJUMHpIcE41QUgKcTIwbFJSeWFLakJpaFRuQ0J6bW50aFFnL29KQlRXRHFxZ0NVaGtCTlZpMnNETVkwWXBWY2dkTW5qVXJMc0tSNwp5Ujk5YTdTa1BRdmpDWjR5bkFMSFlocFR4SUhibXFGb3MydEpTdGFVckg4WUlKSVZqWWNHWnNYR2FUSkNlZXlUCnRoeFZJWUZBWDRDbThiM3ZvSmNxZldpNWF5TFlZUzJ2b2ZjcFk3TUZHQm52QWdNQkFBR2pJekFoTUE0R0ExVWQKRHdFQi93UUVBd0lDQkRBUEJnTlZIUk1CQWY4RUJUQURBUUgvTUEwR0NTcUdTSWIzRFFFQkN3VUFBNElCQVFBVwpuRGFhU0xZMi9NaTRJdHVkVGVmck51ZjJ4T2hRNmNWQTk1amdvbUJMNjZvUlEwYTlVaFJRc1E0Sm9sNlJwNnVkCmVScVlFdW9EaGVnc2JCUk9FNVR0Zm51RE4vNEdHSjRDQ1E1Zkt2U2h6THNaTVhDWHp6S0kxK2dtQng5WHE0Rm0KMmtvU011NXBibjltZk12a0gwaXRLck9Lb2pKeHZnd2dVVDdONkRRcHBvWDIveVVXdDN4SnlOM0s5NEVkZ1NiaQp2ZnU3SS9kN2xJUlhQekJ2emVXUEpqdzhVVU0xQzVsQ3NOZ3JmQjZxSEZwWHFyQTVmS1Q4MU9CL1krbGJyYWs1CmZWS2diL25YMktCYmhEN3kzbVZxejNia3krWmxHRXgzZEhaV0tDQVdCQzhldmVPMzVHemgvd2lkSDRJNitqYVcKeEVPVGNsK2twUncxMzc1bzZJV0YKLS0tLS1FTkQgQ0VSVElGSUNBVEUtLS0tLQo=",
                            "master_auth.0.password": "DHQa7cTKzIrdXzAl",
                            "master_auth.0.username": "admin",
                            "master_authorized_networks_config.#": "0",
                            "master_ipv4_cidr_block": "",
                            "master_version": "1.10.9-gke.5",
                            "monitoring_service": "monitoring.googleapis.com",
                            "name": "bananapp-staging",
                            "network": "projects/bananapp/global/networks/default",
                            "network_policy.#": "1",
                            "network_policy.0.enabled": "false",
                            "network_policy.0.provider": "PROVIDER_UNSPECIFIED",
                            "node_config.#": "1",
                            "node_config.0.disk_size_gb": "100",
                            "node_config.0.disk_type": "pd-standard",
                            "node_config.0.guest_accelerator.#": "0",
                            "node_config.0.image_type": "COS",
                            "node_config.0.labels.%": "0",
                            "node_config.0.local_ssd_count": "0",
                            "node_config.0.machine_type": "n1-standard-1",
                            "node_config.0.metadata.%": "0",
                            "node_config.0.min_cpu_platform": "",
                            "node_config.0.oauth_scopes.#": "2",
                            "node_config.0.oauth_scopes.1277378754": "https://www.googleapis.com/auth/monitoring",
                            "node_config.0.oauth_scopes.172152165": "https://www.googleapis.com/auth/logging.write",
                            "node_config.0.preemptible": "false",
                            "node_config.0.service_account": "default",
                            "node_config.0.tags.#": "0",
                            "node_config.0.taint.#": "0",
                            "node_config.0.workload_metadata_config.#": "0",
                            "node_pool.#": "1",
                            "node_pool.0.autoscaling.#": "0",
                            "node_pool.0.initial_node_count": "3",
                            "node_pool.0.instance_group_urls.#": "1",
                            "node_pool.0.instance_group_urls.0": "https://www.googleapis.com/compute/v1/projects/bananapp/zones/europe-west2-a/instanceGroupManagers/gke-bananapp-staging-default-pool-9d0cd93d-grp",
                            "node_pool.0.management.#": "1",
                            "node_pool.0.management.0.auto_repair": "false",
                            "node_pool.0.management.0.auto_upgrade": "false",
                            "node_pool.0.max_pods_per_node": "0",
                            "node_pool.0.name": "default-pool",
                            "node_pool.0.name_prefix": "",
                            "node_pool.0.node_config.#": "1",
                            "node_pool.0.node_config.0.disk_size_gb": "100",
                            "node_pool.0.node_config.0.disk_type": "pd-standard",
                            "node_pool.0.node_config.0.guest_accelerator.#": "0",
                            "node_pool.0.node_config.0.image_type": "COS",
                            "node_pool.0.node_config.0.labels.%": "0",
                            "node_pool.0.node_config.0.local_ssd_count": "0",
                            "node_pool.0.node_config.0.machine_type": "n1-standard-1",
                            "node_pool.0.node_config.0.metadata.%": "0",
                            "node_pool.0.node_config.0.min_cpu_platform": "",
                            "node_pool.0.node_config.0.oauth_scopes.#": "2",
                            "node_pool.0.node_config.0.oauth_scopes.1277378754": "https://www.googleapis.com/auth/monitoring",
                            "node_pool.0.node_config.0.oauth_scopes.172152165": "https://www.googleapis.com/auth/logging.write",
                            "node_pool.0.node_config.0.preemptible": "false",
                            "node_pool.0.node_config.0.service_account": "default",
                            "node_pool.0.node_config.0.tags.#": "0",
                            "node_pool.0.node_config.0.taint.#": "0",
                            "node_pool.0.node_config.0.workload_metadata_config.#": "0",
                            "node_pool.0.node_count": "3",
                            "node_pool.0.version": "1.10.9-gke.5",
                            "node_version": "1.10.9-gke.5",
                            "pod_security_policy_config.#": "0",
                            "private_cluster": "false",
                            "private_cluster_config.#": "0",
                            "project": "bananapp",
                            "resource_labels.%": "0",
                            "subnetwork": "projects/bananapp/regions/europe-west2/subnetworks/default",
                            "zone": "europe-west2-a"
                        },
                        "meta": {
                            "e2bfb730-ecaa-11e6-8f88-34363bc7c4c0": {
                                "create": 1800000000000,
                                "delete": 1800000000000,
                                "update": 600000000000
                            },
                            "schema_version": "1"
                        },
                        "tainted": false
                    },
                    "deposed": [],
                    "provider": "provider.google"
                }
            },
            "depends_on": []
        }
    ]
}
